// !$*UTF8*$!
{
	archiveVersion = 1;
	classes = {
	};
	objectVersion = 56;
	objects = {

/* Begin PBXBuildFile section */
		9219603C2C8A4F9E00F429F1 /* URLCacheManager.swift in Sources */ = {isa = PBXBuildFile; fileRef = 9219603B2C8A4F9E00F429F1 /* URLCacheManager.swift */; };
		9219603F2C8A506600F429F1 /* MockAPIService.swift in Sources */ = {isa = PBXBuildFile; fileRef = 9219603E2C8A506600F429F1 /* MockAPIService.swift */; };
		921960442C8A50AA00F429F1 /* MockPokemonService.swift in Sources */ = {isa = PBXBuildFile; fileRef = 921960432C8A50AA00F429F1 /* MockPokemonService.swift */; };
		921960462C8A51F500F429F1 /* MockURLSessionDataTask.swift in Sources */ = {isa = PBXBuildFile; fileRef = 921960452C8A51F500F429F1 /* MockURLSessionDataTask.swift */; };
		9219604A2C8A52B200F429F1 /* MainViewModelTests.swift in Sources */ = {isa = PBXBuildFile; fileRef = 921960492C8A52B200F429F1 /* MainViewModelTests.swift */; };
		9219604C2C8A52CF00F429F1 /* MockMainCoordinator.swift in Sources */ = {isa = PBXBuildFile; fileRef = 9219604B2C8A52CF00F429F1 /* MockMainCoordinator.swift */; };
		9219604F2C8A542D00F429F1 /* MockDetailCoordinator.swift in Sources */ = {isa = PBXBuildFile; fileRef = 9219604E2C8A542D00F429F1 /* MockDetailCoordinator.swift */; };
		921960512C8A546D00F429F1 /* DetailViewModelTests.swift in Sources */ = {isa = PBXBuildFile; fileRef = 921960502C8A546D00F429F1 /* DetailViewModelTests.swift */; };
		92C5CA0B2C8A16350031CC9F /* APIService.swift in Sources */ = {isa = PBXBuildFile; fileRef = 92C5CA072C8A16350031CC9F /* APIService.swift */; };
		92C5CA0C2C8A16350031CC9F /* PokeAPI.swift in Sources */ = {isa = PBXBuildFile; fileRef = 92C5CA082C8A16350031CC9F /* PokeAPI.swift */; };
		92C5CA0D2C8A16350031CC9F /* Router.swift in Sources */ = {isa = PBXBuildFile; fileRef = 92C5CA092C8A16350031CC9F /* Router.swift */; };
		92C5CA0E2C8A16350031CC9F /* ServiceError.swift in Sources */ = {isa = PBXBuildFile; fileRef = 92C5CA0A2C8A16350031CC9F /* ServiceError.swift */; };
		92C5CA122C8A16530031CC9F /* Pokemon.swift in Sources */ = {isa = PBXBuildFile; fileRef = 92C5CA102C8A16530031CC9F /* Pokemon.swift */; };
		92C5CA132C8A16530031CC9F /* PokemonList.swift in Sources */ = {isa = PBXBuildFile; fileRef = 92C5CA112C8A16530031CC9F /* PokemonList.swift */; };
		92C5CA192C8A16EB0031CC9F /* PokemonListView.swift in Sources */ = {isa = PBXBuildFile; fileRef = 92C5CA182C8A16EB0031CC9F /* PokemonListView.swift */; };
		92C5CA1B2C8A16F00031CC9F /* PokemonListCellView.swift in Sources */ = {isa = PBXBuildFile; fileRef = 92C5CA1A2C8A16F00031CC9F /* PokemonListCellView.swift */; };
		92C5CA1D2C8A18480031CC9F /* MainViewModel.swift in Sources */ = {isa = PBXBuildFile; fileRef = 92C5CA1C2C8A18480031CC9F /* MainViewModel.swift */; };
		92C5CA222C8A1C920031CC9F /* Coordinator.swift in Sources */ = {isa = PBXBuildFile; fileRef = 92C5CA212C8A1C920031CC9F /* Coordinator.swift */; };
		92C5CA242C8A1C980031CC9F /* AppCoordinator.swift in Sources */ = {isa = PBXBuildFile; fileRef = 92C5CA232C8A1C980031CC9F /* AppCoordinator.swift */; };
		92C5CA262C8A1CA50031CC9F /* MainCoordinator.swift in Sources */ = {isa = PBXBuildFile; fileRef = 92C5CA252C8A1CA50031CC9F /* MainCoordinator.swift */; };
		92C5CA282C8A1CAE0031CC9F /* DetailCoordinator.swift in Sources */ = {isa = PBXBuildFile; fileRef = 92C5CA272C8A1CAE0031CC9F /* DetailCoordinator.swift */; };
		92C5CA2A2C8A1CB30031CC9F /* DetailViewModel.swift in Sources */ = {isa = PBXBuildFile; fileRef = 92C5CA292C8A1CB30031CC9F /* DetailViewModel.swift */; };
		92C5CA2D2C8A20DE0031CC9F /* PokemonDetailView.swift in Sources */ = {isa = PBXBuildFile; fileRef = 92C5CA2C2C8A20DE0031CC9F /* PokemonDetailView.swift */; };
		92C5CA302C8A25A00031CC9F /* UIViewController+ErrorHandling.swift in Sources */ = {isa = PBXBuildFile; fileRef = 92C5CA2F2C8A25A00031CC9F /* UIViewController+ErrorHandling.swift */; };
		92C5CA332C8A298F0031CC9F /* LoadingView.swift in Sources */ = {isa = PBXBuildFile; fileRef = 92C5CA322C8A298F0031CC9F /* LoadingView.swift */; };
		92C5CA362C8A29C50031CC9F /* UIViewController+Loading.swift in Sources */ = {isa = PBXBuildFile; fileRef = 92C5CA352C8A29C50031CC9F /* UIViewController+Loading.swift */; };
		CB0C639B2C2F0AC90089A6A4 /* AppDelegate.swift in Sources */ = {isa = PBXBuildFile; fileRef = CB0C639A2C2F0AC90089A6A4 /* AppDelegate.swift */; };
		CB0C639D2C2F0AC90089A6A4 /* SceneDelegate.swift in Sources */ = {isa = PBXBuildFile; fileRef = CB0C639C2C2F0AC90089A6A4 /* SceneDelegate.swift */; };
		CB0C639F2C2F0AC90089A6A4 /* MainViewController.swift in Sources */ = {isa = PBXBuildFile; fileRef = CB0C639E2C2F0AC90089A6A4 /* MainViewController.swift */; };
		CB0C63A42C2F0ACB0089A6A4 /* Assets.xcassets in Resources */ = {isa = PBXBuildFile; fileRef = CB0C63A32C2F0ACB0089A6A4 /* Assets.xcassets */; };
		CB0C63A72C2F0ACB0089A6A4 /* Base in Resources */ = {isa = PBXBuildFile; fileRef = CB0C63A62C2F0ACB0089A6A4 /* Base */; };
		CB0C63B22C2F0ACC0089A6A4 /* InterviewTests.swift in Sources */ = {isa = PBXBuildFile; fileRef = CB0C63B12C2F0ACC0089A6A4 /* InterviewTests.swift */; };
		CB0C63BC2C2F0ACC0089A6A4 /* InterviewUITests.swift in Sources */ = {isa = PBXBuildFile; fileRef = CB0C63BB2C2F0ACC0089A6A4 /* InterviewUITests.swift */; };
		CB0C63BE2C2F0ACC0089A6A4 /* InterviewUITestsLaunchTests.swift in Sources */ = {isa = PBXBuildFile; fileRef = CB0C63BD2C2F0ACC0089A6A4 /* InterviewUITestsLaunchTests.swift */; };
		CB0C63CD2C2F11190089A6A4 /* DetailViewController.swift in Sources */ = {isa = PBXBuildFile; fileRef = CB0C63CC2C2F11190089A6A4 /* DetailViewController.swift */; };
/* End PBXBuildFile section */

/* Begin PBXContainerItemProxy section */
		CB0C63AE2C2F0ACC0089A6A4 /* PBXContainerItemProxy */ = {
			isa = PBXContainerItemProxy;
			containerPortal = CB0C638F2C2F0AC90089A6A4 /* Project object */;
			proxyType = 1;
			remoteGlobalIDString = CB0C63962C2F0AC90089A6A4;
			remoteInfo = Interview;
		};
		CB0C63B82C2F0ACC0089A6A4 /* PBXContainerItemProxy */ = {
			isa = PBXContainerItemProxy;
			containerPortal = CB0C638F2C2F0AC90089A6A4 /* Project object */;
			proxyType = 1;
			remoteGlobalIDString = CB0C63962C2F0AC90089A6A4;
			remoteInfo = Interview;
		};
/* End PBXContainerItemProxy section */

/* Begin PBXFileReference section */
		9219603B2C8A4F9E00F429F1 /* URLCacheManager.swift */ = {isa = PBXFileReference; lastKnownFileType = sourcecode.swift; path = URLCacheManager.swift; sourceTree = "<group>"; };
		9219603E2C8A506600F429F1 /* MockAPIService.swift */ = {isa = PBXFileReference; lastKnownFileType = sourcecode.swift; path = MockAPIService.swift; sourceTree = "<group>"; };
		921960432C8A50AA00F429F1 /* MockPokemonService.swift */ = {isa = PBXFileReference; lastKnownFileType = sourcecode.swift; path = MockPokemonService.swift; sourceTree = "<group>"; };
		921960452C8A51F500F429F1 /* MockURLSessionDataTask.swift */ = {isa = PBXFileReference; lastKnownFileType = sourcecode.swift; path = MockURLSessionDataTask.swift; sourceTree = "<group>"; };
		921960492C8A52B200F429F1 /* MainViewModelTests.swift */ = {isa = PBXFileReference; lastKnownFileType = sourcecode.swift; path = MainViewModelTests.swift; sourceTree = "<group>"; };
		9219604B2C8A52CF00F429F1 /* MockMainCoordinator.swift */ = {isa = PBXFileReference; lastKnownFileType = sourcecode.swift; path = MockMainCoordinator.swift; sourceTree = "<group>"; };
		9219604E2C8A542D00F429F1 /* MockDetailCoordinator.swift */ = {isa = PBXFileReference; lastKnownFileType = sourcecode.swift; path = MockDetailCoordinator.swift; sourceTree = "<group>"; };
		921960502C8A546D00F429F1 /* DetailViewModelTests.swift */ = {isa = PBXFileReference; lastKnownFileType = sourcecode.swift; path = DetailViewModelTests.swift; sourceTree = "<group>"; };
		92C5CA072C8A16350031CC9F /* APIService.swift */ = {isa = PBXFileReference; fileEncoding = 4; lastKnownFileType = sourcecode.swift; path = APIService.swift; sourceTree = "<group>"; };
		92C5CA082C8A16350031CC9F /* PokeAPI.swift */ = {isa = PBXFileReference; fileEncoding = 4; lastKnownFileType = sourcecode.swift; path = PokeAPI.swift; sourceTree = "<group>"; };
		92C5CA092C8A16350031CC9F /* Router.swift */ = {isa = PBXFileReference; fileEncoding = 4; lastKnownFileType = sourcecode.swift; path = Router.swift; sourceTree = "<group>"; };
		92C5CA0A2C8A16350031CC9F /* ServiceError.swift */ = {isa = PBXFileReference; fileEncoding = 4; lastKnownFileType = sourcecode.swift; path = ServiceError.swift; sourceTree = "<group>"; };
		92C5CA102C8A16530031CC9F /* Pokemon.swift */ = {isa = PBXFileReference; fileEncoding = 4; lastKnownFileType = sourcecode.swift; path = Pokemon.swift; sourceTree = "<group>"; };
		92C5CA112C8A16530031CC9F /* PokemonList.swift */ = {isa = PBXFileReference; fileEncoding = 4; lastKnownFileType = sourcecode.swift; path = PokemonList.swift; sourceTree = "<group>"; };
		92C5CA182C8A16EB0031CC9F /* PokemonListView.swift */ = {isa = PBXFileReference; fileEncoding = 4; lastKnownFileType = sourcecode.swift; path = PokemonListView.swift; sourceTree = "<group>"; };
		92C5CA1A2C8A16F00031CC9F /* PokemonListCellView.swift */ = {isa = PBXFileReference; fileEncoding = 4; lastKnownFileType = sourcecode.swift; path = PokemonListCellView.swift; sourceTree = "<group>"; };
		92C5CA1C2C8A18480031CC9F /* MainViewModel.swift */ = {isa = PBXFileReference; fileEncoding = 4; lastKnownFileType = sourcecode.swift; path = MainViewModel.swift; sourceTree = "<group>"; };
		92C5CA212C8A1C920031CC9F /* Coordinator.swift */ = {isa = PBXFileReference; fileEncoding = 4; lastKnownFileType = sourcecode.swift; path = Coordinator.swift; sourceTree = "<group>"; };
		92C5CA232C8A1C980031CC9F /* AppCoordinator.swift */ = {isa = PBXFileReference; fileEncoding = 4; lastKnownFileType = sourcecode.swift; path = AppCoordinator.swift; sourceTree = "<group>"; };
		92C5CA252C8A1CA50031CC9F /* MainCoordinator.swift */ = {isa = PBXFileReference; fileEncoding = 4; lastKnownFileType = sourcecode.swift; path = MainCoordinator.swift; sourceTree = "<group>"; };
		92C5CA272C8A1CAE0031CC9F /* DetailCoordinator.swift */ = {isa = PBXFileReference; fileEncoding = 4; lastKnownFileType = sourcecode.swift; path = DetailCoordinator.swift; sourceTree = "<group>"; };
		92C5CA292C8A1CB30031CC9F /* DetailViewModel.swift */ = {isa = PBXFileReference; fileEncoding = 4; lastKnownFileType = sourcecode.swift; path = DetailViewModel.swift; sourceTree = "<group>"; };
		92C5CA2C2C8A20DE0031CC9F /* PokemonDetailView.swift */ = {isa = PBXFileReference; fileEncoding = 4; lastKnownFileType = sourcecode.swift; path = PokemonDetailView.swift; sourceTree = "<group>"; };
		92C5CA2F2C8A25A00031CC9F /* UIViewController+ErrorHandling.swift */ = {isa = PBXFileReference; fileEncoding = 4; lastKnownFileType = sourcecode.swift; path = "UIViewController+ErrorHandling.swift"; sourceTree = "<group>"; };
		92C5CA322C8A298F0031CC9F /* LoadingView.swift */ = {isa = PBXFileReference; fileEncoding = 4; lastKnownFileType = sourcecode.swift; path = LoadingView.swift; sourceTree = "<group>"; };
		92C5CA352C8A29C50031CC9F /* UIViewController+Loading.swift */ = {isa = PBXFileReference; fileEncoding = 4; lastKnownFileType = sourcecode.swift; path = "UIViewController+Loading.swift"; sourceTree = "<group>"; };
		CB0C63972C2F0AC90089A6A4 /* Interview.app */ = {isa = PBXFileReference; explicitFileType = wrapper.application; includeInIndex = 0; path = Interview.app; sourceTree = BUILT_PRODUCTS_DIR; };
		CB0C639A2C2F0AC90089A6A4 /* AppDelegate.swift */ = {isa = PBXFileReference; lastKnownFileType = sourcecode.swift; path = AppDelegate.swift; sourceTree = "<group>"; };
		CB0C639C2C2F0AC90089A6A4 /* SceneDelegate.swift */ = {isa = PBXFileReference; lastKnownFileType = sourcecode.swift; path = SceneDelegate.swift; sourceTree = "<group>"; };
		CB0C639E2C2F0AC90089A6A4 /* MainViewController.swift */ = {isa = PBXFileReference; lastKnownFileType = sourcecode.swift; path = MainViewController.swift; sourceTree = "<group>"; };
		CB0C63A32C2F0ACB0089A6A4 /* Assets.xcassets */ = {isa = PBXFileReference; lastKnownFileType = folder.assetcatalog; path = Assets.xcassets; sourceTree = "<group>"; };
		CB0C63A62C2F0ACB0089A6A4 /* Base */ = {isa = PBXFileReference; lastKnownFileType = file.storyboard; name = Base; path = Base.lproj/LaunchScreen.storyboard; sourceTree = "<group>"; };
		CB0C63A82C2F0ACB0089A6A4 /* Info.plist */ = {isa = PBXFileReference; lastKnownFileType = text.plist.xml; path = Info.plist; sourceTree = "<group>"; };
		CB0C63AD2C2F0ACC0089A6A4 /* InterviewTests.xctest */ = {isa = PBXFileReference; explicitFileType = wrapper.cfbundle; includeInIndex = 0; path = InterviewTests.xctest; sourceTree = BUILT_PRODUCTS_DIR; };
		CB0C63B12C2F0ACC0089A6A4 /* InterviewTests.swift */ = {isa = PBXFileReference; lastKnownFileType = sourcecode.swift; path = InterviewTests.swift; sourceTree = "<group>"; };
		CB0C63B72C2F0ACC0089A6A4 /* InterviewUITests.xctest */ = {isa = PBXFileReference; explicitFileType = wrapper.cfbundle; includeInIndex = 0; path = InterviewUITests.xctest; sourceTree = BUILT_PRODUCTS_DIR; };
		CB0C63BB2C2F0ACC0089A6A4 /* InterviewUITests.swift */ = {isa = PBXFileReference; lastKnownFileType = sourcecode.swift; path = InterviewUITests.swift; sourceTree = "<group>"; };
		CB0C63BD2C2F0ACC0089A6A4 /* InterviewUITestsLaunchTests.swift */ = {isa = PBXFileReference; lastKnownFileType = sourcecode.swift; path = InterviewUITestsLaunchTests.swift; sourceTree = "<group>"; };
		CB0C63CC2C2F11190089A6A4 /* DetailViewController.swift */ = {isa = PBXFileReference; lastKnownFileType = sourcecode.swift; path = DetailViewController.swift; sourceTree = "<group>"; };
/* End PBXFileReference section */

/* Begin PBXFrameworksBuildPhase section */
		CB0C63942C2F0AC90089A6A4 /* Frameworks */ = {
			isa = PBXFrameworksBuildPhase;
			buildActionMask = 2147483647;
			files = (
			);
			runOnlyForDeploymentPostprocessing = 0;
		};
		CB0C63AA2C2F0ACC0089A6A4 /* Frameworks */ = {
			isa = PBXFrameworksBuildPhase;
			buildActionMask = 2147483647;
			files = (
			);
			runOnlyForDeploymentPostprocessing = 0;
		};
		CB0C63B42C2F0ACC0089A6A4 /* Frameworks */ = {
			isa = PBXFrameworksBuildPhase;
			buildActionMask = 2147483647;
			files = (
			);
			runOnlyForDeploymentPostprocessing = 0;
		};
/* End PBXFrameworksBuildPhase section */

/* Begin PBXGroup section */
		921960382C8A4F7000F429F1 /* Cache */ = {
			isa = PBXGroup;
			children = (
				9219603B2C8A4F9E00F429F1 /* URLCacheManager.swift */,
			);
			path = Cache;
			sourceTree = "<group>";
		};
		9219603D2C8A505500F429F1 /* Mocks */ = {
			isa = PBXGroup;
			children = (
				921960402C8A508900F429F1 /* Services */,
			);
			path = Mocks;
			sourceTree = "<group>";
		};
		921960402C8A508900F429F1 /* Services */ = {
			isa = PBXGroup;
			children = (
				9219603E2C8A506600F429F1 /* MockAPIService.swift */,
				921960432C8A50AA00F429F1 /* MockPokemonService.swift */,
				921960452C8A51F500F429F1 /* MockURLSessionDataTask.swift */,
			);
			path = Services;
			sourceTree = "<group>";
		};
		921960472C8A528300F429F1 /* Features */ = {
			isa = PBXGroup;
			children = (
				9219604D2C8A541700F429F1 /* Detail */,
				921960482C8A528800F429F1 /* Main */,
			);
			path = Features;
			sourceTree = "<group>";
		};
		921960482C8A528800F429F1 /* Main */ = {
			isa = PBXGroup;
			children = (
				921960492C8A52B200F429F1 /* MainViewModelTests.swift */,
				9219604B2C8A52CF00F429F1 /* MockMainCoordinator.swift */,
			);
			path = Main;
			sourceTree = "<group>";
		};
		9219604D2C8A541700F429F1 /* Detail */ = {
			isa = PBXGroup;
			children = (
				9219604E2C8A542D00F429F1 /* MockDetailCoordinator.swift */,
				921960502C8A546D00F429F1 /* DetailViewModelTests.swift */,
			);
			path = Detail;
			sourceTree = "<group>";
		};
		92C5CA052C8A16230031CC9F /* Core */ = {
			isa = PBXGroup;
			children = (
				921960382C8A4F7000F429F1 /* Cache */,
				92C5CA2E2C8A25980031CC9F /* Error */,
				92C5CA202C8A1C7E0031CC9F /* Coordinator */,
				92C5CA062C8A162B0031CC9F /* Network */,
			);
			path = Core;
			sourceTree = "<group>";
		};
		92C5CA062C8A162B0031CC9F /* Network */ = {
			isa = PBXGroup;
			children = (
				92C5CA072C8A16350031CC9F /* APIService.swift */,
				92C5CA082C8A16350031CC9F /* PokeAPI.swift */,
				92C5CA092C8A16350031CC9F /* Router.swift */,
				92C5CA0A2C8A16350031CC9F /* ServiceError.swift */,
			);
			path = Network;
			sourceTree = "<group>";
		};
		92C5CA0F2C8A163E0031CC9F /* Models */ = {
			isa = PBXGroup;
			children = (
				92C5CA102C8A16530031CC9F /* Pokemon.swift */,
				92C5CA112C8A16530031CC9F /* PokemonList.swift */,
			);
			path = Models;
			sourceTree = "<group>";
		};
		92C5CA142C8A169C0031CC9F /* Components */ = {
			isa = PBXGroup;
			children = (
				92C5CA312C8A29860031CC9F /* LoadingView */,
				92C5CA2B2C8A20960031CC9F /* PokemonDetailView */,
				92C5CA172C8A16D80031CC9F /* PokemonListView */,
			);
			path = Components;
			sourceTree = "<group>";
		};
		92C5CA152C8A16AF0031CC9F /* Main */ = {
			isa = PBXGroup;
			children = (
				92C5CA252C8A1CA50031CC9F /* MainCoordinator.swift */,
				92C5CA1C2C8A18480031CC9F /* MainViewModel.swift */,
				CB0C639E2C2F0AC90089A6A4 /* MainViewController.swift */,
			);
			path = Main;
			sourceTree = "<group>";
		};
		92C5CA162C8A16BD0031CC9F /* Detail */ = {
			isa = PBXGroup;
			children = (
				92C5CA272C8A1CAE0031CC9F /* DetailCoordinator.swift */,
				CB0C63CC2C2F11190089A6A4 /* DetailViewController.swift */,
				92C5CA292C8A1CB30031CC9F /* DetailViewModel.swift */,
			);
			path = Detail;
			sourceTree = "<group>";
		};
		92C5CA172C8A16D80031CC9F /* PokemonListView */ = {
			isa = PBXGroup;
			children = (
				92C5CA182C8A16EB0031CC9F /* PokemonListView.swift */,
				92C5CA1A2C8A16F00031CC9F /* PokemonListCellView.swift */,
			);
			path = PokemonListView;
			sourceTree = "<group>";
		};
		92C5CA202C8A1C7E0031CC9F /* Coordinator */ = {
			isa = PBXGroup;
			children = (
				92C5CA212C8A1C920031CC9F /* Coordinator.swift */,
				92C5CA232C8A1C980031CC9F /* AppCoordinator.swift */,
			);
			path = Coordinator;
			sourceTree = "<group>";
		};
		92C5CA2B2C8A20960031CC9F /* PokemonDetailView */ = {
			isa = PBXGroup;
			children = (
				92C5CA2C2C8A20DE0031CC9F /* PokemonDetailView.swift */,
			);
			path = PokemonDetailView;
			sourceTree = "<group>";
		};
		92C5CA2E2C8A25980031CC9F /* Error */ = {
			isa = PBXGroup;
			children = (
				92C5CA2F2C8A25A00031CC9F /* UIViewController+ErrorHandling.swift */,
			);
			path = Error;
			sourceTree = "<group>";
		};
		92C5CA312C8A29860031CC9F /* LoadingView */ = {
			isa = PBXGroup;
			children = (
				92C5CA322C8A298F0031CC9F /* LoadingView.swift */,
			);
			path = LoadingView;
			sourceTree = "<group>";
		};
		92C5CA342C8A29AF0031CC9F /* Extensions */ = {
			isa = PBXGroup;
			children = (
				92C5CA352C8A29C50031CC9F /* UIViewController+Loading.swift */,
			);
			path = Extensions;
			sourceTree = "<group>";
		};
		CB0C638E2C2F0AC90089A6A4 = {
			isa = PBXGroup;
			children = (
				CB0C63992C2F0AC90089A6A4 /* Interview */,
				CB0C63B02C2F0ACC0089A6A4 /* InterviewTests */,
				CB0C63BA2C2F0ACC0089A6A4 /* InterviewUITests */,
				CB0C63982C2F0AC90089A6A4 /* Products */,
			);
			sourceTree = "<group>";
		};
		CB0C63982C2F0AC90089A6A4 /* Products */ = {
			isa = PBXGroup;
			children = (
				CB0C63972C2F0AC90089A6A4 /* Interview.app */,
				CB0C63AD2C2F0ACC0089A6A4 /* InterviewTests.xctest */,
				CB0C63B72C2F0ACC0089A6A4 /* InterviewUITests.xctest */,
			);
			name = Products;
			sourceTree = "<group>";
		};
		CB0C63992C2F0AC90089A6A4 /* Interview */ = {
			isa = PBXGroup;
			children = (
				CB0C63CA2C2F0AE40089A6A4 /* Application */,
				92C5CA052C8A16230031CC9F /* Core */,
				92C5CA0F2C8A163E0031CC9F /* Models */,
				92C5CA342C8A29AF0031CC9F /* Extensions */,
				92C5CA142C8A169C0031CC9F /* Components */,
				CB0C63CB2C2F0B6F0089A6A4 /* Feature */,
				CB0C63A32C2F0ACB0089A6A4 /* Assets.xcassets */,
				CB0C63A52C2F0ACB0089A6A4 /* LaunchScreen.storyboard */,
				CB0C63A82C2F0ACB0089A6A4 /* Info.plist */,
			);
			path = Interview;
			sourceTree = "<group>";
		};
		CB0C63B02C2F0ACC0089A6A4 /* InterviewTests */ = {
			isa = PBXGroup;
			children = (
				921960472C8A528300F429F1 /* Features */,
				9219603D2C8A505500F429F1 /* Mocks */,
				CB0C63B12C2F0ACC0089A6A4 /* InterviewTests.swift */,
			);
			path = InterviewTests;
			sourceTree = "<group>";
		};
		CB0C63BA2C2F0ACC0089A6A4 /* InterviewUITests */ = {
			isa = PBXGroup;
			children = (
				CB0C63BB2C2F0ACC0089A6A4 /* InterviewUITests.swift */,
				CB0C63BD2C2F0ACC0089A6A4 /* InterviewUITestsLaunchTests.swift */,
			);
			path = InterviewUITests;
			sourceTree = "<group>";
		};
		CB0C63CA2C2F0AE40089A6A4 /* Application */ = {
			isa = PBXGroup;
			children = (
				CB0C639A2C2F0AC90089A6A4 /* AppDelegate.swift */,
				CB0C639C2C2F0AC90089A6A4 /* SceneDelegate.swift */,
			);
			path = Application;
			sourceTree = "<group>";
		};
		CB0C63CB2C2F0B6F0089A6A4 /* Feature */ = {
			isa = PBXGroup;
			children = (
				92C5CA152C8A16AF0031CC9F /* Main */,
				92C5CA162C8A16BD0031CC9F /* Detail */,
			);
			path = Feature;
			sourceTree = "<group>";
		};
/* End PBXGroup section */

/* Begin PBXNativeTarget section */
		CB0C63962C2F0AC90089A6A4 /* Interview */ = {
			isa = PBXNativeTarget;
			buildConfigurationList = CB0C63C12C2F0ACC0089A6A4 /* Build configuration list for PBXNativeTarget "Interview" */;
			buildPhases = (
				CB0C63932C2F0AC90089A6A4 /* Sources */,
				CB0C63942C2F0AC90089A6A4 /* Frameworks */,
				CB0C63952C2F0AC90089A6A4 /* Resources */,
			);
			buildRules = (
			);
			dependencies = (
			);
			name = Interview;
			productName = Interview;
			productReference = CB0C63972C2F0AC90089A6A4 /* Interview.app */;
			productType = "com.apple.product-type.application";
		};
		CB0C63AC2C2F0ACC0089A6A4 /* InterviewTests */ = {
			isa = PBXNativeTarget;
			buildConfigurationList = CB0C63C42C2F0ACC0089A6A4 /* Build configuration list for PBXNativeTarget "InterviewTests" */;
			buildPhases = (
				CB0C63A92C2F0ACC0089A6A4 /* Sources */,
				CB0C63AA2C2F0ACC0089A6A4 /* Frameworks */,
				CB0C63AB2C2F0ACC0089A6A4 /* Resources */,
			);
			buildRules = (
			);
			dependencies = (
				CB0C63AF2C2F0ACC0089A6A4 /* PBXTargetDependency */,
			);
			name = InterviewTests;
			productName = InterviewTests;
			productReference = CB0C63AD2C2F0ACC0089A6A4 /* InterviewTests.xctest */;
			productType = "com.apple.product-type.bundle.unit-test";
		};
		CB0C63B62C2F0ACC0089A6A4 /* InterviewUITests */ = {
			isa = PBXNativeTarget;
			buildConfigurationList = CB0C63C72C2F0ACC0089A6A4 /* Build configuration list for PBXNativeTarget "InterviewUITests" */;
			buildPhases = (
				CB0C63B32C2F0ACC0089A6A4 /* Sources */,
				CB0C63B42C2F0ACC0089A6A4 /* Frameworks */,
				CB0C63B52C2F0ACC0089A6A4 /* Resources */,
			);
			buildRules = (
			);
			dependencies = (
				CB0C63B92C2F0ACC0089A6A4 /* PBXTargetDependency */,
			);
			name = InterviewUITests;
			productName = InterviewUITests;
			productReference = CB0C63B72C2F0ACC0089A6A4 /* InterviewUITests.xctest */;
			productType = "com.apple.product-type.bundle.ui-testing";
		};
/* End PBXNativeTarget section */

/* Begin PBXProject section */
		CB0C638F2C2F0AC90089A6A4 /* Project object */ = {
			isa = PBXProject;
			attributes = {
				BuildIndependentTargetsInParallel = 1;
				LastSwiftUpdateCheck = 1540;
				LastUpgradeCheck = 1540;
				TargetAttributes = {
					CB0C63962C2F0AC90089A6A4 = {
						CreatedOnToolsVersion = 15.4;
					};
					CB0C63AC2C2F0ACC0089A6A4 = {
						CreatedOnToolsVersion = 15.4;
						TestTargetID = CB0C63962C2F0AC90089A6A4;
					};
					CB0C63B62C2F0ACC0089A6A4 = {
						CreatedOnToolsVersion = 15.4;
						TestTargetID = CB0C63962C2F0AC90089A6A4;
					};
				};
			};
			buildConfigurationList = CB0C63922C2F0AC90089A6A4 /* Build configuration list for PBXProject "Interview" */;
			compatibilityVersion = "Xcode 14.0";
			developmentRegion = en;
			hasScannedForEncodings = 0;
			knownRegions = (
				en,
				Base,
			);
			mainGroup = CB0C638E2C2F0AC90089A6A4;
			productRefGroup = CB0C63982C2F0AC90089A6A4 /* Products */;
			projectDirPath = "";
			projectRoot = "";
			targets = (
				CB0C63962C2F0AC90089A6A4 /* Interview */,
				CB0C63AC2C2F0ACC0089A6A4 /* InterviewTests */,
				CB0C63B62C2F0ACC0089A6A4 /* InterviewUITests */,
			);
		};
/* End PBXProject section */

/* Begin PBXResourcesBuildPhase section */
		CB0C63952C2F0AC90089A6A4 /* Resources */ = {
			isa = PBXResourcesBuildPhase;
			buildActionMask = 2147483647;
			files = (
				CB0C63A42C2F0ACB0089A6A4 /* Assets.xcassets in Resources */,
				CB0C63A72C2F0ACB0089A6A4 /* Base in Resources */,
			);
			runOnlyForDeploymentPostprocessing = 0;
		};
		CB0C63AB2C2F0ACC0089A6A4 /* Resources */ = {
			isa = PBXResourcesBuildPhase;
			buildActionMask = 2147483647;
			files = (
			);
			runOnlyForDeploymentPostprocessing = 0;
		};
		CB0C63B52C2F0ACC0089A6A4 /* Resources */ = {
			isa = PBXResourcesBuildPhase;
			buildActionMask = 2147483647;
			files = (
			);
			runOnlyForDeploymentPostprocessing = 0;
		};
/* End PBXResourcesBuildPhase section */

/* Begin PBXSourcesBuildPhase section */
		CB0C63932C2F0AC90089A6A4 /* Sources */ = {
			isa = PBXSourcesBuildPhase;
			buildActionMask = 2147483647;
			files = (
				9219603C2C8A4F9E00F429F1 /* URLCacheManager.swift in Sources */,
				92C5CA262C8A1CA50031CC9F /* MainCoordinator.swift in Sources */,
				92C5CA1B2C8A16F00031CC9F /* PokemonListCellView.swift in Sources */,
				92C5CA192C8A16EB0031CC9F /* PokemonListView.swift in Sources */,
				92C5CA282C8A1CAE0031CC9F /* DetailCoordinator.swift in Sources */,
				92C5CA222C8A1C920031CC9F /* Coordinator.swift in Sources */,
				92C5CA332C8A298F0031CC9F /* LoadingView.swift in Sources */,
				92C5CA0E2C8A16350031CC9F /* ServiceError.swift in Sources */,
				92C5CA242C8A1C980031CC9F /* AppCoordinator.swift in Sources */,
				92C5CA2A2C8A1CB30031CC9F /* DetailViewModel.swift in Sources */,
				CB0C639F2C2F0AC90089A6A4 /* MainViewController.swift in Sources */,
				92C5CA2D2C8A20DE0031CC9F /* PokemonDetailView.swift in Sources */,
				92C5CA362C8A29C50031CC9F /* UIViewController+Loading.swift in Sources */,
				92C5CA302C8A25A00031CC9F /* UIViewController+ErrorHandling.swift in Sources */,
				92C5CA0B2C8A16350031CC9F /* APIService.swift in Sources */,
				92C5CA1D2C8A18480031CC9F /* MainViewModel.swift in Sources */,
				CB0C639B2C2F0AC90089A6A4 /* AppDelegate.swift in Sources */,
				92C5CA0D2C8A16350031CC9F /* Router.swift in Sources */,
				92C5CA122C8A16530031CC9F /* Pokemon.swift in Sources */,
				92C5CA0C2C8A16350031CC9F /* PokeAPI.swift in Sources */,
				CB0C639D2C2F0AC90089A6A4 /* SceneDelegate.swift in Sources */,
				CB0C63CD2C2F11190089A6A4 /* DetailViewController.swift in Sources */,
				92C5CA132C8A16530031CC9F /* PokemonList.swift in Sources */,
			);
			runOnlyForDeploymentPostprocessing = 0;
		};
		CB0C63A92C2F0ACC0089A6A4 /* Sources */ = {
			isa = PBXSourcesBuildPhase;
			buildActionMask = 2147483647;
			files = (
				9219604F2C8A542D00F429F1 /* MockDetailCoordinator.swift in Sources */,
				9219603F2C8A506600F429F1 /* MockAPIService.swift in Sources */,
				921960462C8A51F500F429F1 /* MockURLSessionDataTask.swift in Sources */,
				921960442C8A50AA00F429F1 /* MockPokemonService.swift in Sources */,
				9219604C2C8A52CF00F429F1 /* MockMainCoordinator.swift in Sources */,
				CB0C63B22C2F0ACC0089A6A4 /* InterviewTests.swift in Sources */,
				9219604A2C8A52B200F429F1 /* MainViewModelTests.swift in Sources */,
				921960512C8A546D00F429F1 /* DetailViewModelTests.swift in Sources */,
			);
			runOnlyForDeploymentPostprocessing = 0;
		};
		CB0C63B32C2F0ACC0089A6A4 /* Sources */ = {
			isa = PBXSourcesBuildPhase;
			buildActionMask = 2147483647;
			files = (
				CB0C63BE2C2F0ACC0089A6A4 /* InterviewUITestsLaunchTests.swift in Sources */,
				CB0C63BC2C2F0ACC0089A6A4 /* InterviewUITests.swift in Sources */,
			);
			runOnlyForDeploymentPostprocessing = 0;
		};
/* End PBXSourcesBuildPhase section */

/* Begin PBXTargetDependency section */
		CB0C63AF2C2F0ACC0089A6A4 /* PBXTargetDependency */ = {
			isa = PBXTargetDependency;
			target = CB0C63962C2F0AC90089A6A4 /* Interview */;
			targetProxy = CB0C63AE2C2F0ACC0089A6A4 /* PBXContainerItemProxy */;
		};
		CB0C63B92C2F0ACC0089A6A4 /* PBXTargetDependency */ = {
			isa = PBXTargetDependency;
			target = CB0C63962C2F0AC90089A6A4 /* Interview */;
			targetProxy = CB0C63B82C2F0ACC0089A6A4 /* PBXContainerItemProxy */;
		};
/* End PBXTargetDependency section */

/* Begin PBXVariantGroup section */
		CB0C63A52C2F0ACB0089A6A4 /* LaunchScreen.storyboard */ = {
			isa = PBXVariantGroup;
			children = (
				CB0C63A62C2F0ACB0089A6A4 /* Base */,
			);
			name = LaunchScreen.storyboard;
			sourceTree = "<group>";
		};
/* End PBXVariantGroup section */

/* Begin XCBuildConfiguration section */
		CB0C63BF2C2F0ACC0089A6A4 /* Debug */ = {
			isa = XCBuildConfiguration;
			buildSettings = {
				ALWAYS_SEARCH_USER_PATHS = NO;
				ASSETCATALOG_COMPILER_GENERATE_SWIFT_ASSET_SYMBOL_EXTENSIONS = YES;
				CLANG_ANALYZER_NONNULL = YES;
				CLANG_ANALYZER_NUMBER_OBJECT_CONVERSION = YES_AGGRESSIVE;
				CLANG_CXX_LANGUAGE_STANDARD = "gnu++20";
				CLANG_ENABLE_MODULES = YES;
				CLANG_ENABLE_OBJC_ARC = YES;
				CLANG_ENABLE_OBJC_WEAK = YES;
				CLANG_WARN_BLOCK_CAPTURE_AUTORELEASING = YES;
				CLANG_WARN_BOOL_CONVERSION = YES;
				CLANG_WARN_COMMA = YES;
				CLANG_WARN_CONSTANT_CONVERSION = YES;
				CLANG_WARN_DEPRECATED_OBJC_IMPLEMENTATIONS = YES;
				CLANG_WARN_DIRECT_OBJC_ISA_USAGE = YES_ERROR;
				CLANG_WARN_DOCUMENTATION_COMMENTS = YES;
				CLANG_WARN_EMPTY_BODY = YES;
				CLANG_WARN_ENUM_CONVERSION = YES;
				CLANG_WARN_INFINITE_RECURSION = YES;
				CLANG_WARN_INT_CONVERSION = YES;
				CLANG_WARN_NON_LITERAL_NULL_CONVERSION = YES;
				CLANG_WARN_OBJC_IMPLICIT_RETAIN_SELF = YES;
				CLANG_WARN_OBJC_LITERAL_CONVERSION = YES;
				CLANG_WARN_OBJC_ROOT_CLASS = YES_ERROR;
				CLANG_WARN_QUOTED_INCLUDE_IN_FRAMEWORK_HEADER = YES;
				CLANG_WARN_RANGE_LOOP_ANALYSIS = YES;
				CLANG_WARN_STRICT_PROTOTYPES = YES;
				CLANG_WARN_SUSPICIOUS_MOVE = YES;
				CLANG_WARN_UNGUARDED_AVAILABILITY = YES_AGGRESSIVE;
				CLANG_WARN_UNREACHABLE_CODE = YES;
				CLANG_WARN__DUPLICATE_METHOD_MATCH = YES;
				COPY_PHASE_STRIP = NO;
				DEBUG_INFORMATION_FORMAT = dwarf;
				ENABLE_STRICT_OBJC_MSGSEND = YES;
				ENABLE_TESTABILITY = YES;
				ENABLE_USER_SCRIPT_SANDBOXING = YES;
				GCC_C_LANGUAGE_STANDARD = gnu17;
				GCC_DYNAMIC_NO_PIC = NO;
				GCC_NO_COMMON_BLOCKS = YES;
				GCC_OPTIMIZATION_LEVEL = 0;
				GCC_PREPROCESSOR_DEFINITIONS = (
					"DEBUG=1",
					"$(inherited)",
				);
				GCC_WARN_64_TO_32_BIT_CONVERSION = YES;
				GCC_WARN_ABOUT_RETURN_TYPE = YES_ERROR;
				GCC_WARN_UNDECLARED_SELECTOR = YES;
				GCC_WARN_UNINITIALIZED_AUTOS = YES_AGGRESSIVE;
				GCC_WARN_UNUSED_FUNCTION = YES;
				GCC_WARN_UNUSED_VARIABLE = YES;
				IPHONEOS_DEPLOYMENT_TARGET = 17.5;
				LOCALIZATION_PREFERS_STRING_CATALOGS = YES;
				MTL_ENABLE_DEBUG_INFO = INCLUDE_SOURCE;
				MTL_FAST_MATH = YES;
				ONLY_ACTIVE_ARCH = YES;
				SDKROOT = iphoneos;
				SWIFT_ACTIVE_COMPILATION_CONDITIONS = "DEBUG $(inherited)";
				SWIFT_OPTIMIZATION_LEVEL = "-Onone";
			};
			name = Debug;
		};
		CB0C63C02C2F0ACC0089A6A4 /* Release */ = {
			isa = XCBuildConfiguration;
			buildSettings = {
				ALWAYS_SEARCH_USER_PATHS = NO;
				ASSETCATALOG_COMPILER_GENERATE_SWIFT_ASSET_SYMBOL_EXTENSIONS = YES;
				CLANG_ANALYZER_NONNULL = YES;
				CLANG_ANALYZER_NUMBER_OBJECT_CONVERSION = YES_AGGRESSIVE;
				CLANG_CXX_LANGUAGE_STANDARD = "gnu++20";
				CLANG_ENABLE_MODULES = YES;
				CLANG_ENABLE_OBJC_ARC = YES;
				CLANG_ENABLE_OBJC_WEAK = YES;
				CLANG_WARN_BLOCK_CAPTURE_AUTORELEASING = YES;
				CLANG_WARN_BOOL_CONVERSION = YES;
				CLANG_WARN_COMMA = YES;
				CLANG_WARN_CONSTANT_CONVERSION = YES;
				CLANG_WARN_DEPRECATED_OBJC_IMPLEMENTATIONS = YES;
				CLANG_WARN_DIRECT_OBJC_ISA_USAGE = YES_ERROR;
				CLANG_WARN_DOCUMENTATION_COMMENTS = YES;
				CLANG_WARN_EMPTY_BODY = YES;
				CLANG_WARN_ENUM_CONVERSION = YES;
				CLANG_WARN_INFINITE_RECURSION = YES;
				CLANG_WARN_INT_CONVERSION = YES;
				CLANG_WARN_NON_LITERAL_NULL_CONVERSION = YES;
				CLANG_WARN_OBJC_IMPLICIT_RETAIN_SELF = YES;
				CLANG_WARN_OBJC_LITERAL_CONVERSION = YES;
				CLANG_WARN_OBJC_ROOT_CLASS = YES_ERROR;
				CLANG_WARN_QUOTED_INCLUDE_IN_FRAMEWORK_HEADER = YES;
				CLANG_WARN_RANGE_LOOP_ANALYSIS = YES;
				CLANG_WARN_STRICT_PROTOTYPES = YES;
				CLANG_WARN_SUSPICIOUS_MOVE = YES;
				CLANG_WARN_UNGUARDED_AVAILABILITY = YES_AGGRESSIVE;
				CLANG_WARN_UNREACHABLE_CODE = YES;
				CLANG_WARN__DUPLICATE_METHOD_MATCH = YES;
				COPY_PHASE_STRIP = NO;
				DEBUG_INFORMATION_FORMAT = "dwarf-with-dsym";
				ENABLE_NS_ASSERTIONS = NO;
				ENABLE_STRICT_OBJC_MSGSEND = YES;
				ENABLE_USER_SCRIPT_SANDBOXING = YES;
				GCC_C_LANGUAGE_STANDARD = gnu17;
				GCC_NO_COMMON_BLOCKS = YES;
				GCC_WARN_64_TO_32_BIT_CONVERSION = YES;
				GCC_WARN_ABOUT_RETURN_TYPE = YES_ERROR;
				GCC_WARN_UNDECLARED_SELECTOR = YES;
				GCC_WARN_UNINITIALIZED_AUTOS = YES_AGGRESSIVE;
				GCC_WARN_UNUSED_FUNCTION = YES;
				GCC_WARN_UNUSED_VARIABLE = YES;
				IPHONEOS_DEPLOYMENT_TARGET = 17.5;
				LOCALIZATION_PREFERS_STRING_CATALOGS = YES;
				MTL_ENABLE_DEBUG_INFO = NO;
				MTL_FAST_MATH = YES;
				SDKROOT = iphoneos;
				SWIFT_COMPILATION_MODE = wholemodule;
				VALIDATE_PRODUCT = YES;
			};
			name = Release;
		};
		CB0C63C22C2F0ACC0089A6A4 /* Debug */ = {
			isa = XCBuildConfiguration;
			buildSettings = {
				ASSETCATALOG_COMPILER_APPICON_NAME = AppIcon;
				ASSETCATALOG_COMPILER_GLOBAL_ACCENT_COLOR_NAME = AccentColor;
				CODE_SIGN_STYLE = Automatic;
				CURRENT_PROJECT_VERSION = 1;
				GENERATE_INFOPLIST_FILE = YES;
				INFOPLIST_FILE = Interview/Info.plist;
				INFOPLIST_KEY_UIApplicationSupportsIndirectInputEvents = YES;
				INFOPLIST_KEY_UILaunchStoryboardName = LaunchScreen;
				INFOPLIST_KEY_UIMainStoryboardFile = "";
				INFOPLIST_KEY_UISupportedInterfaceOrientations = UIInterfaceOrientationPortrait;
				INFOPLIST_KEY_UISupportedInterfaceOrientations_iPad = "UIInterfaceOrientationLandscapeLeft UIInterfaceOrientationLandscapeRight UIInterfaceOrientationPortrait UIInterfaceOrientationPortraitUpsideDown";
				IPHONEOS_DEPLOYMENT_TARGET = 17.5;
				LD_RUNPATH_SEARCH_PATHS = (
					"$(inherited)",
					"@executable_path/Frameworks",
				);
				MARKETING_VERSION = 1.0;
				PRODUCT_BUNDLE_IDENTIFIER = com.demo.Interview;
				PRODUCT_NAME = "$(TARGET_NAME)";
				SUPPORTED_PLATFORMS = "iphoneos iphonesimulator";
				SUPPORTS_MACCATALYST = NO;
				SUPPORTS_MAC_DESIGNED_FOR_IPHONE_IPAD = NO;
				SUPPORTS_XR_DESIGNED_FOR_IPHONE_IPAD = NO;
				SWIFT_EMIT_LOC_STRINGS = YES;
				SWIFT_VERSION = 5.0;
				TARGETED_DEVICE_FAMILY = 1;
			};
			name = Debug;
		};
		CB0C63C32C2F0ACC0089A6A4 /* Release */ = {
			isa = XCBuildConfiguration;
			buildSettings = {
				ASSETCATALOG_COMPILER_APPICON_NAME = AppIcon;
				ASSETCATALOG_COMPILER_GLOBAL_ACCENT_COLOR_NAME = AccentColor;
				CODE_SIGN_STYLE = Automatic;
				CURRENT_PROJECT_VERSION = 1;
				GENERATE_INFOPLIST_FILE = YES;
				INFOPLIST_FILE = Interview/Info.plist;
				INFOPLIST_KEY_UIApplicationSupportsIndirectInputEvents = YES;
				INFOPLIST_KEY_UILaunchStoryboardName = LaunchScreen;
				INFOPLIST_KEY_UIMainStoryboardFile = "";
				INFOPLIST_KEY_UISupportedInterfaceOrientations = UIInterfaceOrientationPortrait;
				INFOPLIST_KEY_UISupportedInterfaceOrientations_iPad = "UIInterfaceOrientationLandscapeLeft UIInterfaceOrientationLandscapeRight UIInterfaceOrientationPortrait UIInterfaceOrientationPortraitUpsideDown";
				IPHONEOS_DEPLOYMENT_TARGET = 17.5;
				LD_RUNPATH_SEARCH_PATHS = (
					"$(inherited)",
					"@executable_path/Frameworks",
				);
				MARKETING_VERSION = 1.0;
				PRODUCT_BUNDLE_IDENTIFIER = com.demo.Interview;
				PRODUCT_NAME = "$(TARGET_NAME)";
				SUPPORTED_PLATFORMS = "iphoneos iphonesimulator";
				SUPPORTS_MACCATALYST = NO;
				SUPPORTS_MAC_DESIGNED_FOR_IPHONE_IPAD = NO;
				SUPPORTS_XR_DESIGNED_FOR_IPHONE_IPAD = NO;
				SWIFT_EMIT_LOC_STRINGS = YES;
				SWIFT_VERSION = 5.0;
				TARGETED_DEVICE_FAMILY = 1;
			};
			name = Release;
		};
		CB0C63C52C2F0ACC0089A6A4 /* Debug */ = {
			isa = XCBuildConfiguration;
			buildSettings = {
				ALWAYS_EMBED_SWIFT_STANDARD_LIBRARIES = YES;
				BUNDLE_LOADER = "$(TEST_HOST)";
				CODE_SIGN_STYLE = Automatic;
				CURRENT_PROJECT_VERSION = 1;
				GENERATE_INFOPLIST_FILE = YES;
				IPHONEOS_DEPLOYMENT_TARGET = 17.5;
				MARKETING_VERSION = 1.0;
				PRODUCT_BUNDLE_IDENTIFIER = com.demo.InterviewTests;
				PRODUCT_NAME = "$(TARGET_NAME)";
				SWIFT_EMIT_LOC_STRINGS = NO;
				SWIFT_VERSION = 5.0;
				TARGETED_DEVICE_FAMILY = "1,2";
				TEST_HOST = "$(BUILT_PRODUCTS_DIR)/Interview.app/$(BUNDLE_EXECUTABLE_FOLDER_PATH)/Interview";
			};
			name = Debug;
		};
		CB0C63C62C2F0ACC0089A6A4 /* Release */ = {
			isa = XCBuildConfiguration;
			buildSettings = {
				ALWAYS_EMBED_SWIFT_STANDARD_LIBRARIES = YES;
				BUNDLE_LOADER = "$(TEST_HOST)";
				CODE_SIGN_STYLE = Automatic;
				CURRENT_PROJECT_VERSION = 1;
				GENERATE_INFOPLIST_FILE = YES;
				IPHONEOS_DEPLOYMENT_TARGET = 17.5;
				MARKETING_VERSION = 1.0;
				PRODUCT_BUNDLE_IDENTIFIER = com.demo.InterviewTests;
				PRODUCT_NAME = "$(TARGET_NAME)";
				SWIFT_EMIT_LOC_STRINGS = NO;
				SWIFT_VERSION = 5.0;
				TARGETED_DEVICE_FAMILY = "1,2";
				TEST_HOST = "$(BUILT_PRODUCTS_DIR)/Interview.app/$(BUNDLE_EXECUTABLE_FOLDER_PATH)/Interview";
			};
			name = Release;
		};
		CB0C63C82C2F0ACC0089A6A4 /* Debug */ = {
			isa = XCBuildConfiguration;
			buildSettings = {
				ALWAYS_EMBED_SWIFT_STANDARD_LIBRARIES = YES;
				CODE_SIGN_STYLE = Automatic;
				CURRENT_PROJECT_VERSION = 1;
				GENERATE_INFOPLIST_FILE = YES;
				MARKETING_VERSION = 1.0;
				PRODUCT_BUNDLE_IDENTIFIER = com.demo.InterviewUITests;
				PRODUCT_NAME = "$(TARGET_NAME)";
				SWIFT_EMIT_LOC_STRINGS = NO;
				SWIFT_VERSION = 5.0;
				TARGETED_DEVICE_FAMILY = "1,2";
				TEST_TARGET_NAME = Interview;
			};
			name = Debug;
		};
		CB0C63C92C2F0ACC0089A6A4 /* Release */ = {
			isa = XCBuildConfiguration;
			buildSettings = {
				ALWAYS_EMBED_SWIFT_STANDARD_LIBRARIES = YES;
				CODE_SIGN_STYLE = Automatic;
				CURRENT_PROJECT_VERSION = 1;
				GENERATE_INFOPLIST_FILE = YES;
				MARKETING_VERSION = 1.0;
				PRODUCT_BUNDLE_IDENTIFIER = com.demo.InterviewUITests;
				PRODUCT_NAME = "$(TARGET_NAME)";
				SWIFT_EMIT_LOC_STRINGS = NO;
				SWIFT_VERSION = 5.0;
				TARGETED_DEVICE_FAMILY = "1,2";
				TEST_TARGET_NAME = Interview;
			};
			name = Release;
		};
/* End XCBuildConfiguration section */

/* Begin XCConfigurationList section */
		CB0C63922C2F0AC90089A6A4 /* Build configuration list for PBXProject "Interview" */ = {
			isa = XCConfigurationList;
			buildConfigurations = (
				CB0C63BF2C2F0ACC0089A6A4 /* Debug */,
				CB0C63C02C2F0ACC0089A6A4 /* Release */,
			);
			defaultConfigurationIsVisible = 0;
			defaultConfigurationName = Release;
		};
		CB0C63C12C2F0ACC0089A6A4 /* Build configuration list for PBXNativeTarget "Interview" */ = {
			isa = XCConfigurationList;
			buildConfigurations = (
				CB0C63C22C2F0ACC0089A6A4 /* Debug */,
				CB0C63C32C2F0ACC0089A6A4 /* Release */,
			);
			defaultConfigurationIsVisible = 0;
			defaultConfigurationName = Release;
		};
		CB0C63C42C2F0ACC0089A6A4 /* Build configuration list for PBXNativeTarget "InterviewTests" */ = {
			isa = XCConfigurationList;
			buildConfigurations = (
				CB0C63C52C2F0ACC0089A6A4 /* Debug */,
				CB0C63C62C2F0ACC0089A6A4 /* Release */,
			);
			defaultConfigurationIsVisible = 0;
			defaultConfigurationName = Release;
		};
		CB0C63C72C2F0ACC0089A6A4 /* Build configuration list for PBXNativeTarget "InterviewUITests" */ = {
			isa = XCConfigurationList;
			buildConfigurations = (
				CB0C63C82C2F0ACC0089A6A4 /* Debug */,
				CB0C63C92C2F0ACC0089A6A4 /* Release */,
			);
			defaultConfigurationIsVisible = 0;
			defaultConfigurationName = Release;
		};
/* End XCConfigurationList section */
	};
	rootObject = CB0C638F2C2F0AC90089A6A4 /* Project object */;
}
