// !$*UTF8*$!
{
	archiveVersion = 1;
	classes = {
	};
	objectVersion = 56;
	objects = {

/* Begin PBXBuildFile section */
		5342CF972C89BFC100CFBC9D /* Endpoint.swift in Sources */ = {isa = PBXBuildFile; fileRef = 5342CF962C89BFC100CFBC9D /* Endpoint.swift */; };
		5342CF992C89BFD200CFBC9D /* NetworkerError.swift in Sources */ = {isa = PBXBuildFile; fileRef = 5342CF982C89BFD200CFBC9D /* NetworkerError.swift */; };
		5342CF9B2C89C01E00CFBC9D /* Networker.swift in Sources */ = {isa = PBXBuildFile; fileRef = 5342CF9A2C89C01E00CFBC9D /* Networker.swift */; };
		5342CF9D2C89C16B00CFBC9D /* URLSessionProtocol.swift in Sources */ = {isa = PBXBuildFile; fileRef = 5342CF9C2C89C16B00CFBC9D /* URLSessionProtocol.swift */; };
		5342CFA02C89C2DB00CFBC9D /* PokemonWorker.swift in Sources */ = {isa = PBXBuildFile; fileRef = 5342CF9F2C89C2DB00CFBC9D /* PokemonWorker.swift */; };
		5342CFA22C89C30900CFBC9D /* PokemonCatalogResponse.swift in Sources */ = {isa = PBXBuildFile; fileRef = 5342CFA12C89C30900CFBC9D /* PokemonCatalogResponse.swift */; };
		5342CFA42C89C33600CFBC9D /* PokemonEndpoint.swift in Sources */ = {isa = PBXBuildFile; fileRef = 5342CFA32C89C33600CFBC9D /* PokemonEndpoint.swift */; };
		5342CFA72C89C3B700CFBC9D /* Environment.swift in Sources */ = {isa = PBXBuildFile; fileRef = 5342CFA62C89C3B700CFBC9D /* Environment.swift */; };
		5342CFAA2C89C60600CFBC9D /* UrlSessionSpy.swift in Sources */ = {isa = PBXBuildFile; fileRef = 5342CFA92C89C60600CFBC9D /* UrlSessionSpy.swift */; };
		5342CFAC2C89C64600CFBC9D /* NetworkerTests.swift in Sources */ = {isa = PBXBuildFile; fileRef = 5342CFAB2C89C64600CFBC9D /* NetworkerTests.swift */; };
		5342CFAF2C89C82300CFBC9D /* DummyEndpoint.swift in Sources */ = {isa = PBXBuildFile; fileRef = 5342CFAE2C89C82300CFBC9D /* DummyEndpoint.swift */; };
		5342CFB32C89C86300CFBC9D /* DummyResponse.swift in Sources */ = {isa = PBXBuildFile; fileRef = 5342CFB22C89C86300CFBC9D /* DummyResponse.swift */; };
		5342CFB62C89C9D500CFBC9D /* EnvironmentTests.swift in Sources */ = {isa = PBXBuildFile; fileRef = 5342CFB52C89C9D500CFBC9D /* EnvironmentTests.swift */; };
		5342CFB92C89CA3D00CFBC9D /* HTTPMethodTests.swift in Sources */ = {isa = PBXBuildFile; fileRef = 5342CFB82C89CA3D00CFBC9D /* HTTPMethodTests.swift */; };
		5342CFBD2C89CAB100CFBC9D /* PokemonEndpointTests.swift in Sources */ = {isa = PBXBuildFile; fileRef = 5342CFBC2C89CAB100CFBC9D /* PokemonEndpointTests.swift */; };
		5342CFC02C89CEB800CFBC9D /* MainViewModel.swift in Sources */ = {isa = PBXBuildFile; fileRef = 5342CFBF2C89CEB800CFBC9D /* MainViewModel.swift */; };
		5342CFC32C89D1D400CFBC9D /* PokemonRow.swift in Sources */ = {isa = PBXBuildFile; fileRef = 5342CFC22C89D1D400CFBC9D /* PokemonRow.swift */; };
		5342CFC72C8A008200CFBC9D /* PokemonTableViewCell.swift in Sources */ = {isa = PBXBuildFile; fileRef = 5342CFC62C8A008200CFBC9D /* PokemonTableViewCell.swift */; };
		5342CFCA2C8A00A600CFBC9D /* ViewCode.swift in Sources */ = {isa = PBXBuildFile; fileRef = 5342CFC92C8A00A600CFBC9D /* ViewCode.swift */; };
		5342CFCC2C8A00D200CFBC9D /* Constants.swift in Sources */ = {isa = PBXBuildFile; fileRef = 5342CFCB2C8A00D200CFBC9D /* Constants.swift */; };
		5342CFD12C8A16FB00CFBC9D /* PokemonWorkerTests.swift in Sources */ = {isa = PBXBuildFile; fileRef = 5342CFD02C8A16FB00CFBC9D /* PokemonWorkerTests.swift */; };
		5342CFD32C8A173700CFBC9D /* NetworkerSpy.swift in Sources */ = {isa = PBXBuildFile; fileRef = 5342CFD22C8A173700CFBC9D /* NetworkerSpy.swift */; };
		5342CFD52C8A179400CFBC9D /* EnvironmentStub.swift in Sources */ = {isa = PBXBuildFile; fileRef = 5342CFD42C8A179400CFBC9D /* EnvironmentStub.swift */; };
		5342CFD82C8A1E0C00CFBC9D /* AlertLoadingController.swift in Sources */ = {isa = PBXBuildFile; fileRef = 5342CFD72C8A1E0C00CFBC9D /* AlertLoadingController.swift */; };
		5342CFDA2C8A21A800CFBC9D /* Array+Extension.swift in Sources */ = {isa = PBXBuildFile; fileRef = 5342CFD92C8A21A800CFBC9D /* Array+Extension.swift */; };
		5342CFDD2C8A21C300CFBC9D /* MathHelper.swift in Sources */ = {isa = PBXBuildFile; fileRef = 5342CFDC2C8A21C300CFBC9D /* MathHelper.swift */; };
		5342CFE02C8A21F900CFBC9D /* PokemonRowRuleUseCaseTests.swift in Sources */ = {isa = PBXBuildFile; fileRef = 5342CFDF2C8A21F900CFBC9D /* PokemonRowRuleUseCaseTests.swift */; };
		5342CFE32C8A5BDA00CFBC9D /* MainViewModelTests.swift in Sources */ = {isa = PBXBuildFile; fileRef = 5342CFE22C8A5BDA00CFBC9D /* MainViewModelTests.swift */; };
		5342CFE52C8A5C3900CFBC9D /* PokemonWorkerSpy.swift in Sources */ = {isa = PBXBuildFile; fileRef = 5342CFE42C8A5C3900CFBC9D /* PokemonWorkerSpy.swift */; };
		5342CFE72C8A5F8E00CFBC9D /* MainViewModelOutputSpy.swift in Sources */ = {isa = PBXBuildFile; fileRef = 5342CFE62C8A5F8E00CFBC9D /* MainViewModelOutputSpy.swift */; };
		5342CFE92C8A666600CFBC9D /* PokemonRowRuleUseCaseSpy.swift in Sources */ = {isa = PBXBuildFile; fileRef = 5342CFE82C8A666600CFBC9D /* PokemonRowRuleUseCaseSpy.swift */; };
		5342CFEB2C8A6DB200CFBC9D /* AlertController.swift in Sources */ = {isa = PBXBuildFile; fileRef = 5342CFEA2C8A6DB200CFBC9D /* AlertController.swift */; };
		5342CFF02C8A74B000CFBC9D /* DetailViewModel.swift in Sources */ = {isa = PBXBuildFile; fileRef = 5342CFEF2C8A74B000CFBC9D /* DetailViewModel.swift */; };
		5342CFF22C8A753800CFBC9D /* PokemonDetailResponse.swift in Sources */ = {isa = PBXBuildFile; fileRef = 5342CFF12C8A753800CFBC9D /* PokemonDetailResponse.swift */; };
		5342CFF52C8A7A4700CFBC9D /* DetailRouter.swift in Sources */ = {isa = PBXBuildFile; fileRef = 5342CFF42C8A7A4700CFBC9D /* DetailRouter.swift */; };
		5342CFF72C8A88F300CFBC9D /* PokemonDetailRow.swift in Sources */ = {isa = PBXBuildFile; fileRef = 5342CFF62C8A88F300CFBC9D /* PokemonDetailRow.swift */; };
		5342CFF92C8A8C1600CFBC9D /* PokemonInfoView.swift in Sources */ = {isa = PBXBuildFile; fileRef = 5342CFF82C8A8C1600CFBC9D /* PokemonInfoView.swift */; };
		5342CFFB2C8A98CF00CFBC9D /* PokemonDetailAdapter.swift in Sources */ = {isa = PBXBuildFile; fileRef = 5342CFFA2C8A98CF00CFBC9D /* PokemonDetailAdapter.swift */; };
		5342CFFD2C8A98E800CFBC9D /* Int+Extension.swift in Sources */ = {isa = PBXBuildFile; fileRef = 5342CFFC2C8A98E800CFBC9D /* Int+Extension.swift */; };
		5342D0002C8B22A100CFBC9D /* PokemonDetailAssetRuleUseCase.swift in Sources */ = {isa = PBXBuildFile; fileRef = 5342CFFF2C8B22A100CFBC9D /* PokemonDetailAssetRuleUseCase.swift */; };
		CB0C639B2C2F0AC90089A6A4 /* AppDelegate.swift in Sources */ = {isa = PBXBuildFile; fileRef = CB0C639A2C2F0AC90089A6A4 /* AppDelegate.swift */; };
		CB0C639D2C2F0AC90089A6A4 /* SceneDelegate.swift in Sources */ = {isa = PBXBuildFile; fileRef = CB0C639C2C2F0AC90089A6A4 /* SceneDelegate.swift */; };
		CB0C639F2C2F0AC90089A6A4 /* MainViewController.swift in Sources */ = {isa = PBXBuildFile; fileRef = CB0C639E2C2F0AC90089A6A4 /* MainViewController.swift */; };
		CB0C63A42C2F0ACB0089A6A4 /* Assets.xcassets in Resources */ = {isa = PBXBuildFile; fileRef = CB0C63A32C2F0ACB0089A6A4 /* Assets.xcassets */; };
		CB0C63A72C2F0ACB0089A6A4 /* Base in Resources */ = {isa = PBXBuildFile; fileRef = CB0C63A62C2F0ACB0089A6A4 /* Base */; };
		CB0C63B22C2F0ACC0089A6A4 /* InterviewTests.swift in Sources */ = {isa = PBXBuildFile; fileRef = CB0C63B12C2F0ACC0089A6A4 /* InterviewTests.swift */; };
		CB0C63BC2C2F0ACC0089A6A4 /* InterviewUITests.swift in Sources */ = {isa = PBXBuildFile; fileRef = CB0C63BB2C2F0ACC0089A6A4 /* InterviewUITests.swift */; };
		CB0C63BE2C2F0ACC0089A6A4 /* InterviewUITestsLaunchTests.swift in Sources */ = {isa = PBXBuildFile; fileRef = CB0C63BD2C2F0ACC0089A6A4 /* InterviewUITestsLaunchTests.swift */; };
		CB0C63CD2C2F11190089A6A4 /* DetailViewController.swift in Sources */ = {isa = PBXBuildFile; fileRef = CB0C63CC2C2F11190089A6A4 /* DetailViewController.swift */; };
/* End PBXBuildFile section */

/* Begin PBXContainerItemProxy section */
		CB0C63AE2C2F0ACC0089A6A4 /* PBXContainerItemProxy */ = {
			isa = PBXContainerItemProxy;
			containerPortal = CB0C638F2C2F0AC90089A6A4 /* Project object */;
			proxyType = 1;
			remoteGlobalIDString = CB0C63962C2F0AC90089A6A4;
			remoteInfo = Interview;
		};
		CB0C63B82C2F0ACC0089A6A4 /* PBXContainerItemProxy */ = {
			isa = PBXContainerItemProxy;
			containerPortal = CB0C638F2C2F0AC90089A6A4 /* Project object */;
			proxyType = 1;
			remoteGlobalIDString = CB0C63962C2F0AC90089A6A4;
			remoteInfo = Interview;
		};
/* End PBXContainerItemProxy section */

/* Begin PBXFileReference section */
		5342CF962C89BFC100CFBC9D /* Endpoint.swift */ = {isa = PBXFileReference; lastKnownFileType = sourcecode.swift; path = Endpoint.swift; sourceTree = "<group>"; };
		5342CF982C89BFD200CFBC9D /* NetworkerError.swift */ = {isa = PBXFileReference; lastKnownFileType = sourcecode.swift; path = NetworkerError.swift; sourceTree = "<group>"; };
		5342CF9A2C89C01E00CFBC9D /* Networker.swift */ = {isa = PBXFileReference; lastKnownFileType = sourcecode.swift; path = Networker.swift; sourceTree = "<group>"; };
		5342CF9C2C89C16B00CFBC9D /* URLSessionProtocol.swift */ = {isa = PBXFileReference; lastKnownFileType = sourcecode.swift; path = URLSessionProtocol.swift; sourceTree = "<group>"; };
		5342CF9F2C89C2DB00CFBC9D /* PokemonWorker.swift */ = {isa = PBXFileReference; lastKnownFileType = sourcecode.swift; path = PokemonWorker.swift; sourceTree = "<group>"; };
		5342CFA12C89C30900CFBC9D /* PokemonCatalogResponse.swift */ = {isa = PBXFileReference; lastKnownFileType = sourcecode.swift; path = PokemonCatalogResponse.swift; sourceTree = "<group>"; };
		5342CFA32C89C33600CFBC9D /* PokemonEndpoint.swift */ = {isa = PBXFileReference; lastKnownFileType = sourcecode.swift; path = PokemonEndpoint.swift; sourceTree = "<group>"; };
		5342CFA62C89C3B700CFBC9D /* Environment.swift */ = {isa = PBXFileReference; lastKnownFileType = sourcecode.swift; path = Environment.swift; sourceTree = "<group>"; };
		5342CFA92C89C60600CFBC9D /* UrlSessionSpy.swift */ = {isa = PBXFileReference; lastKnownFileType = sourcecode.swift; path = UrlSessionSpy.swift; sourceTree = "<group>"; };
		5342CFAB2C89C64600CFBC9D /* NetworkerTests.swift */ = {isa = PBXFileReference; lastKnownFileType = sourcecode.swift; path = NetworkerTests.swift; sourceTree = "<group>"; };
		5342CFAE2C89C82300CFBC9D /* DummyEndpoint.swift */ = {isa = PBXFileReference; lastKnownFileType = sourcecode.swift; path = DummyEndpoint.swift; sourceTree = "<group>"; };
		5342CFB22C89C86300CFBC9D /* DummyResponse.swift */ = {isa = PBXFileReference; lastKnownFileType = sourcecode.swift; path = DummyResponse.swift; sourceTree = "<group>"; };
		5342CFB52C89C9D500CFBC9D /* EnvironmentTests.swift */ = {isa = PBXFileReference; lastKnownFileType = sourcecode.swift; path = EnvironmentTests.swift; sourceTree = "<group>"; };
		5342CFB82C89CA3D00CFBC9D /* HTTPMethodTests.swift */ = {isa = PBXFileReference; lastKnownFileType = sourcecode.swift; path = HTTPMethodTests.swift; sourceTree = "<group>"; };
		5342CFBC2C89CAB100CFBC9D /* PokemonEndpointTests.swift */ = {isa = PBXFileReference; lastKnownFileType = sourcecode.swift; path = PokemonEndpointTests.swift; sourceTree = "<group>"; };
		5342CFBF2C89CEB800CFBC9D /* MainViewModel.swift */ = {isa = PBXFileReference; lastKnownFileType = sourcecode.swift; path = MainViewModel.swift; sourceTree = "<group>"; };
		5342CFC22C89D1D400CFBC9D /* PokemonRow.swift */ = {isa = PBXFileReference; lastKnownFileType = sourcecode.swift; path = PokemonRow.swift; sourceTree = "<group>"; };
		5342CFC62C8A008200CFBC9D /* PokemonTableViewCell.swift */ = {isa = PBXFileReference; lastKnownFileType = sourcecode.swift; path = PokemonTableViewCell.swift; sourceTree = "<group>"; };
		5342CFC92C8A00A600CFBC9D /* ViewCode.swift */ = {isa = PBXFileReference; lastKnownFileType = sourcecode.swift; path = ViewCode.swift; sourceTree = "<group>"; };
		5342CFCB2C8A00D200CFBC9D /* Constants.swift */ = {isa = PBXFileReference; lastKnownFileType = sourcecode.swift; path = Constants.swift; sourceTree = "<group>"; };
		5342CFD02C8A16FB00CFBC9D /* PokemonWorkerTests.swift */ = {isa = PBXFileReference; lastKnownFileType = sourcecode.swift; path = PokemonWorkerTests.swift; sourceTree = "<group>"; };
		5342CFD22C8A173700CFBC9D /* NetworkerSpy.swift */ = {isa = PBXFileReference; lastKnownFileType = sourcecode.swift; path = NetworkerSpy.swift; sourceTree = "<group>"; };
		5342CFD42C8A179400CFBC9D /* EnvironmentStub.swift */ = {isa = PBXFileReference; lastKnownFileType = sourcecode.swift; path = EnvironmentStub.swift; sourceTree = "<group>"; };
		5342CFD72C8A1E0C00CFBC9D /* AlertLoadingController.swift */ = {isa = PBXFileReference; lastKnownFileType = sourcecode.swift; path = AlertLoadingController.swift; sourceTree = "<group>"; };
		5342CFD92C8A21A800CFBC9D /* Array+Extension.swift */ = {isa = PBXFileReference; lastKnownFileType = sourcecode.swift; path = "Array+Extension.swift"; sourceTree = "<group>"; };
		5342CFDC2C8A21C300CFBC9D /* MathHelper.swift */ = {isa = PBXFileReference; lastKnownFileType = sourcecode.swift; path = MathHelper.swift; sourceTree = "<group>"; };
		5342CFDF2C8A21F900CFBC9D /* PokemonRowRuleUseCaseTests.swift */ = {isa = PBXFileReference; lastKnownFileType = sourcecode.swift; path = PokemonRowRuleUseCaseTests.swift; sourceTree = "<group>"; };
		5342CFE22C8A5BDA00CFBC9D /* MainViewModelTests.swift */ = {isa = PBXFileReference; lastKnownFileType = sourcecode.swift; path = MainViewModelTests.swift; sourceTree = "<group>"; };
		5342CFE42C8A5C3900CFBC9D /* PokemonWorkerSpy.swift */ = {isa = PBXFileReference; lastKnownFileType = sourcecode.swift; path = PokemonWorkerSpy.swift; sourceTree = "<group>"; };
		5342CFE62C8A5F8E00CFBC9D /* MainViewModelOutputSpy.swift */ = {isa = PBXFileReference; lastKnownFileType = sourcecode.swift; path = MainViewModelOutputSpy.swift; sourceTree = "<group>"; };
		5342CFE82C8A666600CFBC9D /* PokemonRowRuleUseCaseSpy.swift */ = {isa = PBXFileReference; lastKnownFileType = sourcecode.swift; path = PokemonRowRuleUseCaseSpy.swift; sourceTree = "<group>"; };
		5342CFEA2C8A6DB200CFBC9D /* AlertController.swift */ = {isa = PBXFileReference; lastKnownFileType = sourcecode.swift; path = AlertController.swift; sourceTree = "<group>"; };
		5342CFEF2C8A74B000CFBC9D /* DetailViewModel.swift */ = {isa = PBXFileReference; lastKnownFileType = sourcecode.swift; path = DetailViewModel.swift; sourceTree = "<group>"; };
		5342CFF12C8A753800CFBC9D /* PokemonDetailResponse.swift */ = {isa = PBXFileReference; lastKnownFileType = sourcecode.swift; path = PokemonDetailResponse.swift; sourceTree = "<group>"; };
		5342CFF42C8A7A4700CFBC9D /* DetailRouter.swift */ = {isa = PBXFileReference; lastKnownFileType = sourcecode.swift; path = DetailRouter.swift; sourceTree = "<group>"; };
		5342CFF62C8A88F300CFBC9D /* PokemonDetailRow.swift */ = {isa = PBXFileReference; lastKnownFileType = sourcecode.swift; path = PokemonDetailRow.swift; sourceTree = "<group>"; };
		5342CFF82C8A8C1600CFBC9D /* PokemonInfoView.swift */ = {isa = PBXFileReference; lastKnownFileType = sourcecode.swift; path = PokemonInfoView.swift; sourceTree = "<group>"; };
		5342CFFA2C8A98CF00CFBC9D /* PokemonDetailAdapter.swift */ = {isa = PBXFileReference; lastKnownFileType = sourcecode.swift; path = PokemonDetailAdapter.swift; sourceTree = "<group>"; };
		5342CFFC2C8A98E800CFBC9D /* Int+Extension.swift */ = {isa = PBXFileReference; lastKnownFileType = sourcecode.swift; path = "Int+Extension.swift"; sourceTree = "<group>"; };
		5342CFFF2C8B22A100CFBC9D /* PokemonDetailAssetRuleUseCase.swift */ = {isa = PBXFileReference; lastKnownFileType = sourcecode.swift; path = PokemonDetailAssetRuleUseCase.swift; sourceTree = "<group>"; };
		CB0C63972C2F0AC90089A6A4 /* Interview.app */ = {isa = PBXFileReference; explicitFileType = wrapper.application; includeInIndex = 0; path = Interview.app; sourceTree = BUILT_PRODUCTS_DIR; };
		CB0C639A2C2F0AC90089A6A4 /* AppDelegate.swift */ = {isa = PBXFileReference; lastKnownFileType = sourcecode.swift; path = AppDelegate.swift; sourceTree = "<group>"; };
		CB0C639C2C2F0AC90089A6A4 /* SceneDelegate.swift */ = {isa = PBXFileReference; lastKnownFileType = sourcecode.swift; path = SceneDelegate.swift; sourceTree = "<group>"; };
		CB0C639E2C2F0AC90089A6A4 /* MainViewController.swift */ = {isa = PBXFileReference; lastKnownFileType = sourcecode.swift; path = MainViewController.swift; sourceTree = "<group>"; };
		CB0C63A32C2F0ACB0089A6A4 /* Assets.xcassets */ = {isa = PBXFileReference; lastKnownFileType = folder.assetcatalog; path = Assets.xcassets; sourceTree = "<group>"; };
		CB0C63A62C2F0ACB0089A6A4 /* Base */ = {isa = PBXFileReference; lastKnownFileType = file.storyboard; name = Base; path = Base.lproj/LaunchScreen.storyboard; sourceTree = "<group>"; };
		CB0C63A82C2F0ACB0089A6A4 /* Info.plist */ = {isa = PBXFileReference; lastKnownFileType = text.plist.xml; path = Info.plist; sourceTree = "<group>"; };
		CB0C63AD2C2F0ACC0089A6A4 /* InterviewTests.xctest */ = {isa = PBXFileReference; explicitFileType = wrapper.cfbundle; includeInIndex = 0; path = InterviewTests.xctest; sourceTree = BUILT_PRODUCTS_DIR; };
		CB0C63B12C2F0ACC0089A6A4 /* InterviewTests.swift */ = {isa = PBXFileReference; lastKnownFileType = sourcecode.swift; path = InterviewTests.swift; sourceTree = "<group>"; };
		CB0C63B72C2F0ACC0089A6A4 /* InterviewUITests.xctest */ = {isa = PBXFileReference; explicitFileType = wrapper.cfbundle; includeInIndex = 0; path = InterviewUITests.xctest; sourceTree = BUILT_PRODUCTS_DIR; };
		CB0C63BB2C2F0ACC0089A6A4 /* InterviewUITests.swift */ = {isa = PBXFileReference; lastKnownFileType = sourcecode.swift; path = InterviewUITests.swift; sourceTree = "<group>"; };
		CB0C63BD2C2F0ACC0089A6A4 /* InterviewUITestsLaunchTests.swift */ = {isa = PBXFileReference; lastKnownFileType = sourcecode.swift; path = InterviewUITestsLaunchTests.swift; sourceTree = "<group>"; };
		CB0C63CC2C2F11190089A6A4 /* DetailViewController.swift */ = {isa = PBXFileReference; lastKnownFileType = sourcecode.swift; path = DetailViewController.swift; sourceTree = "<group>"; };
/* End PBXFileReference section */

/* Begin PBXFrameworksBuildPhase section */
		CB0C63942C2F0AC90089A6A4 /* Frameworks */ = {
			isa = PBXFrameworksBuildPhase;
			buildActionMask = 2147483647;
			files = (
			);
			runOnlyForDeploymentPostprocessing = 0;
		};
		CB0C63AA2C2F0ACC0089A6A4 /* Frameworks */ = {
			isa = PBXFrameworksBuildPhase;
			buildActionMask = 2147483647;
			files = (
			);
			runOnlyForDeploymentPostprocessing = 0;
		};
		CB0C63B42C2F0ACC0089A6A4 /* Frameworks */ = {
			isa = PBXFrameworksBuildPhase;
			buildActionMask = 2147483647;
			files = (
			);
			runOnlyForDeploymentPostprocessing = 0;
		};
/* End PBXFrameworksBuildPhase section */

/* Begin PBXGroup section */
		5342CF952C89BF7F00CFBC9D /* Network */ = {
			isa = PBXGroup;
			children = (
				5342CF962C89BFC100CFBC9D /* Endpoint.swift */,
				5342CF982C89BFD200CFBC9D /* NetworkerError.swift */,
				5342CF9A2C89C01E00CFBC9D /* Networker.swift */,
				5342CF9C2C89C16B00CFBC9D /* URLSessionProtocol.swift */,
			);
			path = Network;
			sourceTree = "<group>";
		};
		5342CF9E2C89C2CA00CFBC9D /* Work */ = {
			isa = PBXGroup;
			children = (
				5342CF9F2C89C2DB00CFBC9D /* PokemonWorker.swift */,
				5342CFA12C89C30900CFBC9D /* PokemonCatalogResponse.swift */,
				5342CFA32C89C33600CFBC9D /* PokemonEndpoint.swift */,
				5342CFF12C8A753800CFBC9D /* PokemonDetailResponse.swift */,
			);
			path = Work;
			sourceTree = "<group>";
		};
		5342CFA52C89C3B100CFBC9D /* Environment */ = {
			isa = PBXGroup;
			children = (
				5342CFA62C89C3B700CFBC9D /* Environment.swift */,
			);
			path = Environment;
			sourceTree = "<group>";
		};
		5342CFA82C89C5E000CFBC9D /* Networker */ = {
			isa = PBXGroup;
			children = (
				5342CFB72C89CA2B00CFBC9D /* Spies */,
				5342CFAD2C89C81800CFBC9D /* Dummies */,
				5342CFAB2C89C64600CFBC9D /* NetworkerTests.swift */,
				5342CFB82C89CA3D00CFBC9D /* HTTPMethodTests.swift */,
			);
			path = Networker;
			sourceTree = "<group>";
		};
		5342CFAD2C89C81800CFBC9D /* Dummies */ = {
			isa = PBXGroup;
			children = (
				5342CFAE2C89C82300CFBC9D /* DummyEndpoint.swift */,
				5342CFB22C89C86300CFBC9D /* DummyResponse.swift */,
			);
			path = Dummies;
			sourceTree = "<group>";
		};
		5342CFB42C89C9CD00CFBC9D /* Environment */ = {
			isa = PBXGroup;
			children = (
				5342CFB52C89C9D500CFBC9D /* EnvironmentTests.swift */,
				5342CFD42C8A179400CFBC9D /* EnvironmentStub.swift */,
			);
			path = Environment;
			sourceTree = "<group>";
		};
		5342CFB72C89CA2B00CFBC9D /* Spies */ = {
			isa = PBXGroup;
			children = (
				5342CFA92C89C60600CFBC9D /* UrlSessionSpy.swift */,
				5342CFD22C8A173700CFBC9D /* NetworkerSpy.swift */,
			);
			path = Spies;
			sourceTree = "<group>";
		};
		5342CFBA2C89CAA400CFBC9D /* Feature */ = {
			isa = PBXGroup;
			children = (
				5342CFE12C8A5BBE00CFBC9D /* Main */,
				5342CFDE2C8A21EF00CFBC9D /* UseCase */,
				5342CFBB2C89CAAA00CFBC9D /* Work */,
			);
			path = Feature;
			sourceTree = "<group>";
		};
		5342CFBB2C89CAAA00CFBC9D /* Work */ = {
			isa = PBXGroup;
			children = (
				5342CFBC2C89CAB100CFBC9D /* PokemonEndpointTests.swift */,
				5342CFD02C8A16FB00CFBC9D /* PokemonWorkerTests.swift */,
				5342CFE42C8A5C3900CFBC9D /* PokemonWorkerSpy.swift */,
			);
			path = Work;
			sourceTree = "<group>";
		};
		5342CFBE2C89CEA700CFBC9D /* ViewModel */ = {
			isa = PBXGroup;
			children = (
				5342CFBF2C89CEB800CFBC9D /* MainViewModel.swift */,
				5342CFC22C89D1D400CFBC9D /* PokemonRow.swift */,
			);
			path = ViewModel;
			sourceTree = "<group>";
		};
		5342CFC52C8A004D00CFBC9D /* View */ = {
			isa = PBXGroup;
			children = (
				CB0C639E2C2F0AC90089A6A4 /* MainViewController.swift */,
				5342CFC62C8A008200CFBC9D /* PokemonTableViewCell.swift */,
			);
			path = View;
			sourceTree = "<group>";
		};
		5342CFC82C8A009D00CFBC9D /* Utils */ = {
			isa = PBXGroup;
			children = (
				5342CFC92C8A00A600CFBC9D /* ViewCode.swift */,
				5342CFCB2C8A00D200CFBC9D /* Constants.swift */,
			);
			path = Utils;
			sourceTree = "<group>";
		};
		5342CFCD2C8A0BF900CFBC9D /* Extensions */ = {
			isa = PBXGroup;
			children = (
				5342CFD92C8A21A800CFBC9D /* Array+Extension.swift */,
				5342CFFC2C8A98E800CFBC9D /* Int+Extension.swift */,
			);
			path = Extensions;
			sourceTree = "<group>";
		};
		5342CFD62C8A1DFD00CFBC9D /* UI */ = {
			isa = PBXGroup;
			children = (
				5342CFD72C8A1E0C00CFBC9D /* AlertLoadingController.swift */,
				5342CFEA2C8A6DB200CFBC9D /* AlertController.swift */,
			);
			path = UI;
			sourceTree = "<group>";
		};
		5342CFDB2C8A21BC00CFBC9D /* UseCase */ = {
			isa = PBXGroup;
			children = (
				5342CFDC2C8A21C300CFBC9D /* MathHelper.swift */,
			);
			path = UseCase;
			sourceTree = "<group>";
		};
		5342CFDE2C8A21EF00CFBC9D /* UseCase */ = {
			isa = PBXGroup;
			children = (
				5342CFDF2C8A21F900CFBC9D /* PokemonRowRuleUseCaseTests.swift */,
				5342CFE82C8A666600CFBC9D /* PokemonRowRuleUseCaseSpy.swift */,
			);
			path = UseCase;
			sourceTree = "<group>";
		};
		5342CFE12C8A5BBE00CFBC9D /* Main */ = {
			isa = PBXGroup;
			children = (
				5342CFE22C8A5BDA00CFBC9D /* MainViewModelTests.swift */,
				5342CFE62C8A5F8E00CFBC9D /* MainViewModelOutputSpy.swift */,
			);
			path = Main;
			sourceTree = "<group>";
		};
		5342CFEC2C8A73BC00CFBC9D /* Main */ = {
			isa = PBXGroup;
			children = (
				5342CFDB2C8A21BC00CFBC9D /* UseCase */,
				5342CFC52C8A004D00CFBC9D /* View */,
				5342CFBE2C89CEA700CFBC9D /* ViewModel */,
			);
			path = Main;
			sourceTree = "<group>";
		};
		5342CFED2C8A73E700CFBC9D /* Detail */ = {
			isa = PBXGroup;
			children = (
				5342CFFE2C8B228200CFBC9D /* UseCase */,
				5342CFF32C8A7A4000CFBC9D /* Router */,
				5342CFEE2C8A74A400CFBC9D /* ViewModel */,
				CB0C63CC2C2F11190089A6A4 /* DetailViewController.swift */,
				5342CFF82C8A8C1600CFBC9D /* PokemonInfoView.swift */,
			);
			path = Detail;
			sourceTree = "<group>";
		};
		5342CFEE2C8A74A400CFBC9D /* ViewModel */ = {
			isa = PBXGroup;
			children = (
				5342CFEF2C8A74B000CFBC9D /* DetailViewModel.swift */,
				5342CFF62C8A88F300CFBC9D /* PokemonDetailRow.swift */,
				5342CFFA2C8A98CF00CFBC9D /* PokemonDetailAdapter.swift */,
			);
			path = ViewModel;
			sourceTree = "<group>";
		};
		5342CFF32C8A7A4000CFBC9D /* Router */ = {
			isa = PBXGroup;
			children = (
				5342CFF42C8A7A4700CFBC9D /* DetailRouter.swift */,
			);
			path = Router;
			sourceTree = "<group>";
		};
		5342CFFE2C8B228200CFBC9D /* UseCase */ = {
			isa = PBXGroup;
			children = (
				5342CFFF2C8B22A100CFBC9D /* PokemonDetailAssetRuleUseCase.swift */,
			);
			path = UseCase;
			sourceTree = "<group>";
		};
		CB0C638E2C2F0AC90089A6A4 = {
			isa = PBXGroup;
			children = (
				CB0C63992C2F0AC90089A6A4 /* Interview */,
				CB0C63B02C2F0ACC0089A6A4 /* InterviewTests */,
				CB0C63BA2C2F0ACC0089A6A4 /* InterviewUITests */,
				CB0C63982C2F0AC90089A6A4 /* Products */,
			);
			sourceTree = "<group>";
		};
		CB0C63982C2F0AC90089A6A4 /* Products */ = {
			isa = PBXGroup;
			children = (
				CB0C63972C2F0AC90089A6A4 /* Interview.app */,
				CB0C63AD2C2F0ACC0089A6A4 /* InterviewTests.xctest */,
				CB0C63B72C2F0ACC0089A6A4 /* InterviewUITests.xctest */,
			);
			name = Products;
			sourceTree = "<group>";
		};
		CB0C63992C2F0AC90089A6A4 /* Interview */ = {
			isa = PBXGroup;
			children = (
				5342CFD62C8A1DFD00CFBC9D /* UI */,
				5342CFCD2C8A0BF900CFBC9D /* Extensions */,
				5342CFC82C8A009D00CFBC9D /* Utils */,
				5342CFA52C89C3B100CFBC9D /* Environment */,
				5342CF952C89BF7F00CFBC9D /* Network */,
				CB0C63CA2C2F0AE40089A6A4 /* Application */,
				CB0C63CB2C2F0B6F0089A6A4 /* Feature */,
				CB0C63A32C2F0ACB0089A6A4 /* Assets.xcassets */,
				CB0C63A52C2F0ACB0089A6A4 /* LaunchScreen.storyboard */,
				CB0C63A82C2F0ACB0089A6A4 /* Info.plist */,
			);
			path = Interview;
			sourceTree = "<group>";
		};
		CB0C63B02C2F0ACC0089A6A4 /* InterviewTests */ = {
			isa = PBXGroup;
			children = (
				5342CFBA2C89CAA400CFBC9D /* Feature */,
				5342CFB42C89C9CD00CFBC9D /* Environment */,
				5342CFA82C89C5E000CFBC9D /* Networker */,
				CB0C63B12C2F0ACC0089A6A4 /* InterviewTests.swift */,
			);
			path = InterviewTests;
			sourceTree = "<group>";
		};
		CB0C63BA2C2F0ACC0089A6A4 /* InterviewUITests */ = {
			isa = PBXGroup;
			children = (
				CB0C63BB2C2F0ACC0089A6A4 /* InterviewUITests.swift */,
				CB0C63BD2C2F0ACC0089A6A4 /* InterviewUITestsLaunchTests.swift */,
			);
			path = InterviewUITests;
			sourceTree = "<group>";
		};
		CB0C63CA2C2F0AE40089A6A4 /* Application */ = {
			isa = PBXGroup;
			children = (
				CB0C639A2C2F0AC90089A6A4 /* AppDelegate.swift */,
				CB0C639C2C2F0AC90089A6A4 /* SceneDelegate.swift */,
			);
			path = Application;
			sourceTree = "<group>";
		};
		CB0C63CB2C2F0B6F0089A6A4 /* Feature */ = {
			isa = PBXGroup;
			children = (
				5342CFED2C8A73E700CFBC9D /* Detail */,
				5342CFEC2C8A73BC00CFBC9D /* Main */,
				5342CF9E2C89C2CA00CFBC9D /* Work */,
			);
			path = Feature;
			sourceTree = "<group>";
		};
/* End PBXGroup section */

/* Begin PBXNativeTarget section */
		CB0C63962C2F0AC90089A6A4 /* Interview */ = {
			isa = PBXNativeTarget;
			buildConfigurationList = CB0C63C12C2F0ACC0089A6A4 /* Build configuration list for PBXNativeTarget "Interview" */;
			buildPhases = (
				CB0C63932C2F0AC90089A6A4 /* Sources */,
				CB0C63942C2F0AC90089A6A4 /* Frameworks */,
				CB0C63952C2F0AC90089A6A4 /* Resources */,
			);
			buildRules = (
			);
			dependencies = (
			);
			name = Interview;
			productName = Interview;
			productReference = CB0C63972C2F0AC90089A6A4 /* Interview.app */;
			productType = "com.apple.product-type.application";
		};
		CB0C63AC2C2F0ACC0089A6A4 /* InterviewTests */ = {
			isa = PBXNativeTarget;
			buildConfigurationList = CB0C63C42C2F0ACC0089A6A4 /* Build configuration list for PBXNativeTarget "InterviewTests" */;
			buildPhases = (
				CB0C63A92C2F0ACC0089A6A4 /* Sources */,
				CB0C63AA2C2F0ACC0089A6A4 /* Frameworks */,
				CB0C63AB2C2F0ACC0089A6A4 /* Resources */,
			);
			buildRules = (
			);
			dependencies = (
				CB0C63AF2C2F0ACC0089A6A4 /* PBXTargetDependency */,
			);
			name = InterviewTests;
			productName = InterviewTests;
			productReference = CB0C63AD2C2F0ACC0089A6A4 /* InterviewTests.xctest */;
			productType = "com.apple.product-type.bundle.unit-test";
		};
		CB0C63B62C2F0ACC0089A6A4 /* InterviewUITests */ = {
			isa = PBXNativeTarget;
			buildConfigurationList = CB0C63C72C2F0ACC0089A6A4 /* Build configuration list for PBXNativeTarget "InterviewUITests" */;
			buildPhases = (
				CB0C63B32C2F0ACC0089A6A4 /* Sources */,
				CB0C63B42C2F0ACC0089A6A4 /* Frameworks */,
				CB0C63B52C2F0ACC0089A6A4 /* Resources */,
			);
			buildRules = (
			);
			dependencies = (
				CB0C63B92C2F0ACC0089A6A4 /* PBXTargetDependency */,
			);
			name = InterviewUITests;
			productName = InterviewUITests;
			productReference = CB0C63B72C2F0ACC0089A6A4 /* InterviewUITests.xctest */;
			productType = "com.apple.product-type.bundle.ui-testing";
		};
/* End PBXNativeTarget section */

/* Begin PBXProject section */
		CB0C638F2C2F0AC90089A6A4 /* Project object */ = {
			isa = PBXProject;
			attributes = {
				BuildIndependentTargetsInParallel = 1;
				LastSwiftUpdateCheck = 1540;
				LastUpgradeCheck = 1540;
				TargetAttributes = {
					CB0C63962C2F0AC90089A6A4 = {
						CreatedOnToolsVersion = 15.4;
					};
					CB0C63AC2C2F0ACC0089A6A4 = {
						CreatedOnToolsVersion = 15.4;
						TestTargetID = CB0C63962C2F0AC90089A6A4;
					};
					CB0C63B62C2F0ACC0089A6A4 = {
						CreatedOnToolsVersion = 15.4;
						TestTargetID = CB0C63962C2F0AC90089A6A4;
					};
				};
			};
			buildConfigurationList = CB0C63922C2F0AC90089A6A4 /* Build configuration list for PBXProject "Interview" */;
			compatibilityVersion = "Xcode 14.0";
			developmentRegion = en;
			hasScannedForEncodings = 0;
			knownRegions = (
				en,
				Base,
			);
			mainGroup = CB0C638E2C2F0AC90089A6A4;
			productRefGroup = CB0C63982C2F0AC90089A6A4 /* Products */;
			projectDirPath = "";
			projectRoot = "";
			targets = (
				CB0C63962C2F0AC90089A6A4 /* Interview */,
				CB0C63AC2C2F0ACC0089A6A4 /* InterviewTests */,
				CB0C63B62C2F0ACC0089A6A4 /* InterviewUITests */,
			);
		};
/* End PBXProject section */

/* Begin PBXResourcesBuildPhase section */
		CB0C63952C2F0AC90089A6A4 /* Resources */ = {
			isa = PBXResourcesBuildPhase;
			buildActionMask = 2147483647;
			files = (
				CB0C63A42C2F0ACB0089A6A4 /* Assets.xcassets in Resources */,
				CB0C63A72C2F0ACB0089A6A4 /* Base in Resources */,
			);
			runOnlyForDeploymentPostprocessing = 0;
		};
		CB0C63AB2C2F0ACC0089A6A4 /* Resources */ = {
			isa = PBXResourcesBuildPhase;
			buildActionMask = 2147483647;
			files = (
			);
			runOnlyForDeploymentPostprocessing = 0;
		};
		CB0C63B52C2F0ACC0089A6A4 /* Resources */ = {
			isa = PBXResourcesBuildPhase;
			buildActionMask = 2147483647;
			files = (
			);
			runOnlyForDeploymentPostprocessing = 0;
		};
/* End PBXResourcesBuildPhase section */

/* Begin PBXSourcesBuildPhase section */
		CB0C63932C2F0AC90089A6A4 /* Sources */ = {
			isa = PBXSourcesBuildPhase;
			buildActionMask = 2147483647;
			files = (
				5342CFF52C8A7A4700CFBC9D /* DetailRouter.swift in Sources */,
				5342CFA42C89C33600CFBC9D /* PokemonEndpoint.swift in Sources */,
				5342CFCC2C8A00D200CFBC9D /* Constants.swift in Sources */,
				5342CFF92C8A8C1600CFBC9D /* PokemonInfoView.swift in Sources */,
				5342CFA72C89C3B700CFBC9D /* Environment.swift in Sources */,
				5342CF992C89BFD200CFBC9D /* NetworkerError.swift in Sources */,
				5342CFC72C8A008200CFBC9D /* PokemonTableViewCell.swift in Sources */,
				5342CF9B2C89C01E00CFBC9D /* Networker.swift in Sources */,
				CB0C639F2C2F0AC90089A6A4 /* MainViewController.swift in Sources */,
				5342CFF72C8A88F300CFBC9D /* PokemonDetailRow.swift in Sources */,
				5342CFEB2C8A6DB200CFBC9D /* AlertController.swift in Sources */,
				5342CFC02C89CEB800CFBC9D /* MainViewModel.swift in Sources */,
				5342CFA02C89C2DB00CFBC9D /* PokemonWorker.swift in Sources */,
				5342CFF02C8A74B000CFBC9D /* DetailViewModel.swift in Sources */,
				CB0C639B2C2F0AC90089A6A4 /* AppDelegate.swift in Sources */,
				5342CFDA2C8A21A800CFBC9D /* Array+Extension.swift in Sources */,
				5342CF9D2C89C16B00CFBC9D /* URLSessionProtocol.swift in Sources */,
				5342CFFD2C8A98E800CFBC9D /* Int+Extension.swift in Sources */,
				5342CFCA2C8A00A600CFBC9D /* ViewCode.swift in Sources */,
				CB0C639D2C2F0AC90089A6A4 /* SceneDelegate.swift in Sources */,
				5342CFF22C8A753800CFBC9D /* PokemonDetailResponse.swift in Sources */,
				5342CFD82C8A1E0C00CFBC9D /* AlertLoadingController.swift in Sources */,
				CB0C63CD2C2F11190089A6A4 /* DetailViewController.swift in Sources */,
				5342D0002C8B22A100CFBC9D /* PokemonDetailAssetRuleUseCase.swift in Sources */,
				5342CFA22C89C30900CFBC9D /* PokemonCatalogResponse.swift in Sources */,
				5342CF972C89BFC100CFBC9D /* Endpoint.swift in Sources */,
				5342CFFB2C8A98CF00CFBC9D /* PokemonDetailAdapter.swift in Sources */,
				5342CFC32C89D1D400CFBC9D /* PokemonRow.swift in Sources */,
				5342CFDD2C8A21C300CFBC9D /* MathHelper.swift in Sources */,
			);
			runOnlyForDeploymentPostprocessing = 0;
		};
		CB0C63A92C2F0ACC0089A6A4 /* Sources */ = {
			isa = PBXSourcesBuildPhase;
			buildActionMask = 2147483647;
			files = (
				CB0C63B22C2F0ACC0089A6A4 /* InterviewTests.swift in Sources */,
				5342CFBD2C89CAB100CFBC9D /* PokemonEndpointTests.swift in Sources */,
				5342CFAA2C89C60600CFBC9D /* UrlSessionSpy.swift in Sources */,
				5342CFE32C8A5BDA00CFBC9D /* MainViewModelTests.swift in Sources */,
				5342CFAC2C89C64600CFBC9D /* NetworkerTests.swift in Sources */,
				5342CFE72C8A5F8E00CFBC9D /* MainViewModelOutputSpy.swift in Sources */,
				5342CFD32C8A173700CFBC9D /* NetworkerSpy.swift in Sources */,
				5342CFB92C89CA3D00CFBC9D /* HTTPMethodTests.swift in Sources */,
				5342CFD52C8A179400CFBC9D /* EnvironmentStub.swift in Sources */,
				5342CFAF2C89C82300CFBC9D /* DummyEndpoint.swift in Sources */,
				5342CFD12C8A16FB00CFBC9D /* PokemonWorkerTests.swift in Sources */,
				5342CFE52C8A5C3900CFBC9D /* PokemonWorkerSpy.swift in Sources */,
				5342CFE92C8A666600CFBC9D /* PokemonRowRuleUseCaseSpy.swift in Sources */,
				5342CFB32C89C86300CFBC9D /* DummyResponse.swift in Sources */,
				5342CFE02C8A21F900CFBC9D /* PokemonRowRuleUseCaseTests.swift in Sources */,
				5342CFB62C89C9D500CFBC9D /* EnvironmentTests.swift in Sources */,
			);
			runOnlyForDeploymentPostprocessing = 0;
		};
		CB0C63B32C2F0ACC0089A6A4 /* Sources */ = {
			isa = PBXSourcesBuildPhase;
			buildActionMask = 2147483647;
			files = (
				CB0C63BE2C2F0ACC0089A6A4 /* InterviewUITestsLaunchTests.swift in Sources */,
				CB0C63BC2C2F0ACC0089A6A4 /* InterviewUITests.swift in Sources */,
			);
			runOnlyForDeploymentPostprocessing = 0;
		};
/* End PBXSourcesBuildPhase section */

/* Begin PBXTargetDependency section */
		CB0C63AF2C2F0ACC0089A6A4 /* PBXTargetDependency */ = {
			isa = PBXTargetDependency;
			target = CB0C63962C2F0AC90089A6A4 /* Interview */;
			targetProxy = CB0C63AE2C2F0ACC0089A6A4 /* PBXContainerItemProxy */;
		};
		CB0C63B92C2F0ACC0089A6A4 /* PBXTargetDependency */ = {
			isa = PBXTargetDependency;
			target = CB0C63962C2F0AC90089A6A4 /* Interview */;
			targetProxy = CB0C63B82C2F0ACC0089A6A4 /* PBXContainerItemProxy */;
		};
/* End PBXTargetDependency section */

/* Begin PBXVariantGroup section */
		CB0C63A52C2F0ACB0089A6A4 /* LaunchScreen.storyboard */ = {
			isa = PBXVariantGroup;
			children = (
				CB0C63A62C2F0ACB0089A6A4 /* Base */,
			);
			name = LaunchScreen.storyboard;
			sourceTree = "<group>";
		};
/* End PBXVariantGroup section */

/* Begin XCBuildConfiguration section */
		CB0C63BF2C2F0ACC0089A6A4 /* Debug */ = {
			isa = XCBuildConfiguration;
			buildSettings = {
				ALWAYS_SEARCH_USER_PATHS = NO;
				ASSETCATALOG_COMPILER_GENERATE_SWIFT_ASSET_SYMBOL_EXTENSIONS = YES;
				CLANG_ANALYZER_NONNULL = YES;
				CLANG_ANALYZER_NUMBER_OBJECT_CONVERSION = YES_AGGRESSIVE;
				CLANG_CXX_LANGUAGE_STANDARD = "gnu++20";
				CLANG_ENABLE_MODULES = YES;
				CLANG_ENABLE_OBJC_ARC = YES;
				CLANG_ENABLE_OBJC_WEAK = YES;
				CLANG_WARN_BLOCK_CAPTURE_AUTORELEASING = YES;
				CLANG_WARN_BOOL_CONVERSION = YES;
				CLANG_WARN_COMMA = YES;
				CLANG_WARN_CONSTANT_CONVERSION = YES;
				CLANG_WARN_DEPRECATED_OBJC_IMPLEMENTATIONS = YES;
				CLANG_WARN_DIRECT_OBJC_ISA_USAGE = YES_ERROR;
				CLANG_WARN_DOCUMENTATION_COMMENTS = YES;
				CLANG_WARN_EMPTY_BODY = YES;
				CLANG_WARN_ENUM_CONVERSION = YES;
				CLANG_WARN_INFINITE_RECURSION = YES;
				CLANG_WARN_INT_CONVERSION = YES;
				CLANG_WARN_NON_LITERAL_NULL_CONVERSION = YES;
				CLANG_WARN_OBJC_IMPLICIT_RETAIN_SELF = YES;
				CLANG_WARN_OBJC_LITERAL_CONVERSION = YES;
				CLANG_WARN_OBJC_ROOT_CLASS = YES_ERROR;
				CLANG_WARN_QUOTED_INCLUDE_IN_FRAMEWORK_HEADER = YES;
				CLANG_WARN_RANGE_LOOP_ANALYSIS = YES;
				CLANG_WARN_STRICT_PROTOTYPES = YES;
				CLANG_WARN_SUSPICIOUS_MOVE = YES;
				CLANG_WARN_UNGUARDED_AVAILABILITY = YES_AGGRESSIVE;
				CLANG_WARN_UNREACHABLE_CODE = YES;
				CLANG_WARN__DUPLICATE_METHOD_MATCH = YES;
				COPY_PHASE_STRIP = NO;
				DEBUG_INFORMATION_FORMAT = dwarf;
				ENABLE_STRICT_OBJC_MSGSEND = YES;
				ENABLE_TESTABILITY = YES;
				ENABLE_USER_SCRIPT_SANDBOXING = YES;
				GCC_C_LANGUAGE_STANDARD = gnu17;
				GCC_DYNAMIC_NO_PIC = NO;
				GCC_NO_COMMON_BLOCKS = YES;
				GCC_OPTIMIZATION_LEVEL = 0;
				GCC_PREPROCESSOR_DEFINITIONS = (
					"DEBUG=1",
					"$(inherited)",
				);
				GCC_WARN_64_TO_32_BIT_CONVERSION = YES;
				GCC_WARN_ABOUT_RETURN_TYPE = YES_ERROR;
				GCC_WARN_UNDECLARED_SELECTOR = YES;
				GCC_WARN_UNINITIALIZED_AUTOS = YES_AGGRESSIVE;
				GCC_WARN_UNUSED_FUNCTION = YES;
				GCC_WARN_UNUSED_VARIABLE = YES;
				IPHONEOS_DEPLOYMENT_TARGET = 17.5;
				LOCALIZATION_PREFERS_STRING_CATALOGS = YES;
				MTL_ENABLE_DEBUG_INFO = INCLUDE_SOURCE;
				MTL_FAST_MATH = YES;
				ONLY_ACTIVE_ARCH = YES;
				SDKROOT = iphoneos;
				SWIFT_ACTIVE_COMPILATION_CONDITIONS = "DEBUG $(inherited)";
				SWIFT_OPTIMIZATION_LEVEL = "-Onone";
			};
			name = Debug;
		};
		CB0C63C02C2F0ACC0089A6A4 /* Release */ = {
			isa = XCBuildConfiguration;
			buildSettings = {
				ALWAYS_SEARCH_USER_PATHS = NO;
				ASSETCATALOG_COMPILER_GENERATE_SWIFT_ASSET_SYMBOL_EXTENSIONS = YES;
				CLANG_ANALYZER_NONNULL = YES;
				CLANG_ANALYZER_NUMBER_OBJECT_CONVERSION = YES_AGGRESSIVE;
				CLANG_CXX_LANGUAGE_STANDARD = "gnu++20";
				CLANG_ENABLE_MODULES = YES;
				CLANG_ENABLE_OBJC_ARC = YES;
				CLANG_ENABLE_OBJC_WEAK = YES;
				CLANG_WARN_BLOCK_CAPTURE_AUTORELEASING = YES;
				CLANG_WARN_BOOL_CONVERSION = YES;
				CLANG_WARN_COMMA = YES;
				CLANG_WARN_CONSTANT_CONVERSION = YES;
				CLANG_WARN_DEPRECATED_OBJC_IMPLEMENTATIONS = YES;
				CLANG_WARN_DIRECT_OBJC_ISA_USAGE = YES_ERROR;
				CLANG_WARN_DOCUMENTATION_COMMENTS = YES;
				CLANG_WARN_EMPTY_BODY = YES;
				CLANG_WARN_ENUM_CONVERSION = YES;
				CLANG_WARN_INFINITE_RECURSION = YES;
				CLANG_WARN_INT_CONVERSION = YES;
				CLANG_WARN_NON_LITERAL_NULL_CONVERSION = YES;
				CLANG_WARN_OBJC_IMPLICIT_RETAIN_SELF = YES;
				CLANG_WARN_OBJC_LITERAL_CONVERSION = YES;
				CLANG_WARN_OBJC_ROOT_CLASS = YES_ERROR;
				CLANG_WARN_QUOTED_INCLUDE_IN_FRAMEWORK_HEADER = YES;
				CLANG_WARN_RANGE_LOOP_ANALYSIS = YES;
				CLANG_WARN_STRICT_PROTOTYPES = YES;
				CLANG_WARN_SUSPICIOUS_MOVE = YES;
				CLANG_WARN_UNGUARDED_AVAILABILITY = YES_AGGRESSIVE;
				CLANG_WARN_UNREACHABLE_CODE = YES;
				CLANG_WARN__DUPLICATE_METHOD_MATCH = YES;
				COPY_PHASE_STRIP = NO;
				DEBUG_INFORMATION_FORMAT = "dwarf-with-dsym";
				ENABLE_NS_ASSERTIONS = NO;
				ENABLE_STRICT_OBJC_MSGSEND = YES;
				ENABLE_USER_SCRIPT_SANDBOXING = YES;
				GCC_C_LANGUAGE_STANDARD = gnu17;
				GCC_NO_COMMON_BLOCKS = YES;
				GCC_WARN_64_TO_32_BIT_CONVERSION = YES;
				GCC_WARN_ABOUT_RETURN_TYPE = YES_ERROR;
				GCC_WARN_UNDECLARED_SELECTOR = YES;
				GCC_WARN_UNINITIALIZED_AUTOS = YES_AGGRESSIVE;
				GCC_WARN_UNUSED_FUNCTION = YES;
				GCC_WARN_UNUSED_VARIABLE = YES;
				IPHONEOS_DEPLOYMENT_TARGET = 17.5;
				LOCALIZATION_PREFERS_STRING_CATALOGS = YES;
				MTL_ENABLE_DEBUG_INFO = NO;
				MTL_FAST_MATH = YES;
				SDKROOT = iphoneos;
				SWIFT_COMPILATION_MODE = wholemodule;
				VALIDATE_PRODUCT = YES;
			};
			name = Release;
		};
		CB0C63C22C2F0ACC0089A6A4 /* Debug */ = {
			isa = XCBuildConfiguration;
			buildSettings = {
				ASSETCATALOG_COMPILER_APPICON_NAME = AppIcon;
				ASSETCATALOG_COMPILER_GLOBAL_ACCENT_COLOR_NAME = AccentColor;
				CODE_SIGN_STYLE = Automatic;
				CURRENT_PROJECT_VERSION = 1;
				GENERATE_INFOPLIST_FILE = YES;
				INFOPLIST_FILE = Interview/Info.plist;
				INFOPLIST_KEY_UIApplicationSupportsIndirectInputEvents = YES;
				INFOPLIST_KEY_UILaunchStoryboardName = LaunchScreen;
				INFOPLIST_KEY_UIMainStoryboardFile = "";
				INFOPLIST_KEY_UISupportedInterfaceOrientations = UIInterfaceOrientationPortrait;
				INFOPLIST_KEY_UISupportedInterfaceOrientations_iPad = "UIInterfaceOrientationLandscapeLeft UIInterfaceOrientationLandscapeRight UIInterfaceOrientationPortrait UIInterfaceOrientationPortraitUpsideDown";
				IPHONEOS_DEPLOYMENT_TARGET = 17.5;
				LD_RUNPATH_SEARCH_PATHS = (
					"$(inherited)",
					"@executable_path/Frameworks",
				);
				MARKETING_VERSION = 1.0;
				PRODUCT_BUNDLE_IDENTIFIER = com.demo.Interview;
				PRODUCT_NAME = "$(TARGET_NAME)";
				SUPPORTED_PLATFORMS = "iphoneos iphonesimulator";
				SUPPORTS_MACCATALYST = NO;
				SUPPORTS_MAC_DESIGNED_FOR_IPHONE_IPAD = NO;
				SUPPORTS_XR_DESIGNED_FOR_IPHONE_IPAD = NO;
				SWIFT_EMIT_LOC_STRINGS = YES;
				SWIFT_VERSION = 5.0;
				TARGETED_DEVICE_FAMILY = 1;
			};
			name = Debug;
		};
		CB0C63C32C2F0ACC0089A6A4 /* Release */ = {
			isa = XCBuildConfiguration;
			buildSettings = {
				ASSETCATALOG_COMPILER_APPICON_NAME = AppIcon;
				ASSETCATALOG_COMPILER_GLOBAL_ACCENT_COLOR_NAME = AccentColor;
				CODE_SIGN_STYLE = Automatic;
				CURRENT_PROJECT_VERSION = 1;
				GENERATE_INFOPLIST_FILE = YES;
				INFOPLIST_FILE = Interview/Info.plist;
				INFOPLIST_KEY_UIApplicationSupportsIndirectInputEvents = YES;
				INFOPLIST_KEY_UILaunchStoryboardName = LaunchScreen;
				INFOPLIST_KEY_UIMainStoryboardFile = "";
				INFOPLIST_KEY_UISupportedInterfaceOrientations = UIInterfaceOrientationPortrait;
				INFOPLIST_KEY_UISupportedInterfaceOrientations_iPad = "UIInterfaceOrientationLandscapeLeft UIInterfaceOrientationLandscapeRight UIInterfaceOrientationPortrait UIInterfaceOrientationPortraitUpsideDown";
				IPHONEOS_DEPLOYMENT_TARGET = 17.5;
				LD_RUNPATH_SEARCH_PATHS = (
					"$(inherited)",
					"@executable_path/Frameworks",
				);
				MARKETING_VERSION = 1.0;
				PRODUCT_BUNDLE_IDENTIFIER = com.demo.Interview;
				PRODUCT_NAME = "$(TARGET_NAME)";
				SUPPORTED_PLATFORMS = "iphoneos iphonesimulator";
				SUPPORTS_MACCATALYST = NO;
				SUPPORTS_MAC_DESIGNED_FOR_IPHONE_IPAD = NO;
				SUPPORTS_XR_DESIGNED_FOR_IPHONE_IPAD = NO;
				SWIFT_EMIT_LOC_STRINGS = YES;
				SWIFT_VERSION = 5.0;
				TARGETED_DEVICE_FAMILY = 1;
			};
			name = Release;
		};
		CB0C63C52C2F0ACC0089A6A4 /* Debug */ = {
			isa = XCBuildConfiguration;
			buildSettings = {
				ALWAYS_EMBED_SWIFT_STANDARD_LIBRARIES = YES;
				BUNDLE_LOADER = "$(TEST_HOST)";
				CODE_SIGN_STYLE = Automatic;
				CURRENT_PROJECT_VERSION = 1;
				GENERATE_INFOPLIST_FILE = YES;
				IPHONEOS_DEPLOYMENT_TARGET = 17.5;
				MARKETING_VERSION = 1.0;
				PRODUCT_BUNDLE_IDENTIFIER = com.demo.InterviewTests;
				PRODUCT_NAME = "$(TARGET_NAME)";
				SWIFT_EMIT_LOC_STRINGS = NO;
				SWIFT_VERSION = 5.0;
				TARGETED_DEVICE_FAMILY = "1,2";
				TEST_HOST = "$(BUILT_PRODUCTS_DIR)/Interview.app/$(BUNDLE_EXECUTABLE_FOLDER_PATH)/Interview";
			};
			name = Debug;
		};
		CB0C63C62C2F0ACC0089A6A4 /* Release */ = {
			isa = XCBuildConfiguration;
			buildSettings = {
				ALWAYS_EMBED_SWIFT_STANDARD_LIBRARIES = YES;
				BUNDLE_LOADER = "$(TEST_HOST)";
				CODE_SIGN_STYLE = Automatic;
				CURRENT_PROJECT_VERSION = 1;
				GENERATE_INFOPLIST_FILE = YES;
				IPHONEOS_DEPLOYMENT_TARGET = 17.5;
				MARKETING_VERSION = 1.0;
				PRODUCT_BUNDLE_IDENTIFIER = com.demo.InterviewTests;
				PRODUCT_NAME = "$(TARGET_NAME)";
				SWIFT_EMIT_LOC_STRINGS = NO;
				SWIFT_VERSION = 5.0;
				TARGETED_DEVICE_FAMILY = "1,2";
				TEST_HOST = "$(BUILT_PRODUCTS_DIR)/Interview.app/$(BUNDLE_EXECUTABLE_FOLDER_PATH)/Interview";
			};
			name = Release;
		};
		CB0C63C82C2F0ACC0089A6A4 /* Debug */ = {
			isa = XCBuildConfiguration;
			buildSettings = {
				ALWAYS_EMBED_SWIFT_STANDARD_LIBRARIES = YES;
				CODE_SIGN_STYLE = Automatic;
				CURRENT_PROJECT_VERSION = 1;
				GENERATE_INFOPLIST_FILE = YES;
				MARKETING_VERSION = 1.0;
				PRODUCT_BUNDLE_IDENTIFIER = com.demo.InterviewUITests;
				PRODUCT_NAME = "$(TARGET_NAME)";
				SWIFT_EMIT_LOC_STRINGS = NO;
				SWIFT_VERSION = 5.0;
				TARGETED_DEVICE_FAMILY = "1,2";
				TEST_TARGET_NAME = Interview;
			};
			name = Debug;
		};
		CB0C63C92C2F0ACC0089A6A4 /* Release */ = {
			isa = XCBuildConfiguration;
			buildSettings = {
				ALWAYS_EMBED_SWIFT_STANDARD_LIBRARIES = YES;
				CODE_SIGN_STYLE = Automatic;
				CURRENT_PROJECT_VERSION = 1;
				GENERATE_INFOPLIST_FILE = YES;
				MARKETING_VERSION = 1.0;
				PRODUCT_BUNDLE_IDENTIFIER = com.demo.InterviewUITests;
				PRODUCT_NAME = "$(TARGET_NAME)";
				SWIFT_EMIT_LOC_STRINGS = NO;
				SWIFT_VERSION = 5.0;
				TARGETED_DEVICE_FAMILY = "1,2";
				TEST_TARGET_NAME = Interview;
			};
			name = Release;
		};
/* End XCBuildConfiguration section */

/* Begin XCConfigurationList section */
		CB0C63922C2F0AC90089A6A4 /* Build configuration list for PBXProject "Interview" */ = {
			isa = XCConfigurationList;
			buildConfigurations = (
				CB0C63BF2C2F0ACC0089A6A4 /* Debug */,
				CB0C63C02C2F0ACC0089A6A4 /* Release */,
			);
			defaultConfigurationIsVisible = 0;
			defaultConfigurationName = Release;
		};
		CB0C63C12C2F0ACC0089A6A4 /* Build configuration list for PBXNativeTarget "Interview" */ = {
			isa = XCConfigurationList;
			buildConfigurations = (
				CB0C63C22C2F0ACC0089A6A4 /* Debug */,
				CB0C63C32C2F0ACC0089A6A4 /* Release */,
			);
			defaultConfigurationIsVisible = 0;
			defaultConfigurationName = Release;
		};
		CB0C63C42C2F0ACC0089A6A4 /* Build configuration list for PBXNativeTarget "InterviewTests" */ = {
			isa = XCConfigurationList;
			buildConfigurations = (
				CB0C63C52C2F0ACC0089A6A4 /* Debug */,
				CB0C63C62C2F0ACC0089A6A4 /* Release */,
			);
			defaultConfigurationIsVisible = 0;
			defaultConfigurationName = Release;
		};
		CB0C63C72C2F0ACC0089A6A4 /* Build configuration list for PBXNativeTarget "InterviewUITests" */ = {
			isa = XCConfigurationList;
			buildConfigurations = (
				CB0C63C82C2F0ACC0089A6A4 /* Debug */,
				CB0C63C92C2F0ACC0089A6A4 /* Release */,
			);
			defaultConfigurationIsVisible = 0;
			defaultConfigurationName = Release;
		};
/* End XCConfigurationList section */
	};
	rootObject = CB0C638F2C2F0AC90089A6A4 /* Project object */;
}
