// !$*UTF8*$!
{
	archiveVersion = 1;
	classes = {
	};
	objectVersion = 56;
	objects = {

/* Begin PBXBuildFile section */
		8D100ECD2C7FD3F80019D883 /* MainView.swift in Sources */ = {isa = PBXBuildFile; fileRef = 8D100ECC2C7FD3F80019D883 /* MainView.swift */; };
		8D100ECF2C7FD4530019D883 /* MainViewModel.swift in Sources */ = {isa = PBXBuildFile; fileRef = 8D100ECE2C7FD4530019D883 /* MainViewModel.swift */; };
		8D100ED12C7FD45E0019D883 /* MainViewCell.swift in Sources */ = {isa = PBXBuildFile; fileRef = 8D100ED02C7FD45E0019D883 /* MainViewCell.swift */; };
		8D100ED32C7FD4700019D883 /* MainViewModelDelegate.swift in Sources */ = {isa = PBXBuildFile; fileRef = 8D100ED22C7FD4700019D883 /* MainViewModelDelegate.swift */; };
		8D100ED62C7FD4C00019D883 /* Request.swift in Sources */ = {isa = PBXBuildFile; fileRef = 8D100ED52C7FD4C00019D883 /* Request.swift */; };
		8D100ED82C7FD4EC0019D883 /* Url.swift in Sources */ = {isa = PBXBuildFile; fileRef = 8D100ED72C7FD4EC0019D883 /* Url.swift */; };
		8D100EDA2C7FD5040019D883 /* DetailView.swift in Sources */ = {isa = PBXBuildFile; fileRef = 8D100ED92C7FD5040019D883 /* DetailView.swift */; };
		8D100EDC2C7FD5340019D883 /* DetailViewModel.swift in Sources */ = {isa = PBXBuildFile; fileRef = 8D100EDB2C7FD5340019D883 /* DetailViewModel.swift */; };
		8D100EDE2C7FD5EC0019D883 /* MainViewControllerTests.swift in Sources */ = {isa = PBXBuildFile; fileRef = 8D100EDD2C7FD5EC0019D883 /* MainViewControllerTests.swift */; };
		8D100EE02C7FD6030019D883 /* DetailViewModelTests.swift in Sources */ = {isa = PBXBuildFile; fileRef = 8D100EDF2C7FD6030019D883 /* DetailViewModelTests.swift */; };
		CB0C639B2C2F0AC90089A6A4 /* AppDelegate.swift in Sources */ = {isa = PBXBuildFile; fileRef = CB0C639A2C2F0AC90089A6A4 /* AppDelegate.swift */; };
		CB0C639D2C2F0AC90089A6A4 /* SceneDelegate.swift in Sources */ = {isa = PBXBuildFile; fileRef = CB0C639C2C2F0AC90089A6A4 /* SceneDelegate.swift */; };
		CB0C639F2C2F0AC90089A6A4 /* MainViewController.swift in Sources */ = {isa = PBXBuildFile; fileRef = CB0C639E2C2F0AC90089A6A4 /* MainViewController.swift */; };
		CB0C63A42C2F0ACB0089A6A4 /* Assets.xcassets in Resources */ = {isa = PBXBuildFile; fileRef = CB0C63A32C2F0ACB0089A6A4 /* Assets.xcassets */; };
		CB0C63A72C2F0ACB0089A6A4 /* Base in Resources */ = {isa = PBXBuildFile; fileRef = CB0C63A62C2F0ACB0089A6A4 /* Base */; };
		CB0C63B22C2F0ACC0089A6A4 /* InterviewTests.swift in Sources */ = {isa = PBXBuildFile; fileRef = CB0C63B12C2F0ACC0089A6A4 /* InterviewTests.swift */; };
		CB0C63BC2C2F0ACC0089A6A4 /* InterviewUITests.swift in Sources */ = {isa = PBXBuildFile; fileRef = CB0C63BB2C2F0ACC0089A6A4 /* InterviewUITests.swift */; };
		CB0C63BE2C2F0ACC0089A6A4 /* InterviewUITestsLaunchTests.swift in Sources */ = {isa = PBXBuildFile; fileRef = CB0C63BD2C2F0ACC0089A6A4 /* InterviewUITestsLaunchTests.swift */; };
		CB0C63CD2C2F11190089A6A4 /* DetailViewController.swift in Sources */ = {isa = PBXBuildFile; fileRef = CB0C63CC2C2F11190089A6A4 /* DetailViewController.swift */; };
/* End PBXBuildFile section */

/* Begin PBXContainerItemProxy section */
		CB0C63AE2C2F0ACC0089A6A4 /* PBXContainerItemProxy */ = {
			isa = PBXContainerItemProxy;
			containerPortal = CB0C638F2C2F0AC90089A6A4 /* Project object */;
			proxyType = 1;
			remoteGlobalIDString = CB0C63962C2F0AC90089A6A4;
			remoteInfo = Interview;
		};
		CB0C63B82C2F0ACC0089A6A4 /* PBXContainerItemProxy */ = {
			isa = PBXContainerItemProxy;
			containerPortal = CB0C638F2C2F0AC90089A6A4 /* Project object */;
			proxyType = 1;
			remoteGlobalIDString = CB0C63962C2F0AC90089A6A4;
			remoteInfo = Interview;
		};
/* End PBXContainerItemProxy section */

/* Begin PBXFileReference section */
		8D100ECC2C7FD3F80019D883 /* MainView.swift */ = {isa = PBXFileReference; lastKnownFileType = sourcecode.swift; path = MainView.swift; sourceTree = "<group>"; };
		8D100ECE2C7FD4530019D883 /* MainViewModel.swift */ = {isa = PBXFileReference; lastKnownFileType = sourcecode.swift; path = MainViewModel.swift; sourceTree = "<group>"; };
		8D100ED02C7FD45E0019D883 /* MainViewCell.swift */ = {isa = PBXFileReference; lastKnownFileType = sourcecode.swift; path = MainViewCell.swift; sourceTree = "<group>"; };
		8D100ED22C7FD4700019D883 /* MainViewModelDelegate.swift */ = {isa = PBXFileReference; lastKnownFileType = sourcecode.swift; path = MainViewModelDelegate.swift; sourceTree = "<group>"; };
		8D100ED52C7FD4C00019D883 /* Request.swift */ = {isa = PBXFileReference; lastKnownFileType = sourcecode.swift; path = Request.swift; sourceTree = "<group>"; };
		8D100ED72C7FD4EC0019D883 /* Url.swift */ = {isa = PBXFileReference; lastKnownFileType = sourcecode.swift; path = Url.swift; sourceTree = "<group>"; };
		8D100ED92C7FD5040019D883 /* DetailView.swift */ = {isa = PBXFileReference; lastKnownFileType = sourcecode.swift; path = DetailView.swift; sourceTree = "<group>"; };
		8D100EDB2C7FD5340019D883 /* DetailViewModel.swift */ = {isa = PBXFileReference; lastKnownFileType = sourcecode.swift; path = DetailViewModel.swift; sourceTree = "<group>"; };
		8D100EDD2C7FD5EC0019D883 /* MainViewControllerTests.swift */ = {isa = PBXFileReference; lastKnownFileType = sourcecode.swift; path = MainViewControllerTests.swift; sourceTree = "<group>"; };
		8D100EDF2C7FD6030019D883 /* DetailViewModelTests.swift */ = {isa = PBXFileReference; lastKnownFileType = sourcecode.swift; path = DetailViewModelTests.swift; sourceTree = "<group>"; };
		CB0C63972C2F0AC90089A6A4 /* Interview.app */ = {isa = PBXFileReference; explicitFileType = wrapper.application; includeInIndex = 0; path = Interview.app; sourceTree = BUILT_PRODUCTS_DIR; };
		CB0C639A2C2F0AC90089A6A4 /* AppDelegate.swift */ = {isa = PBXFileReference; lastKnownFileType = sourcecode.swift; path = AppDelegate.swift; sourceTree = "<group>"; };
		CB0C639C2C2F0AC90089A6A4 /* SceneDelegate.swift */ = {isa = PBXFileReference; lastKnownFileType = sourcecode.swift; path = SceneDelegate.swift; sourceTree = "<group>"; };
		CB0C639E2C2F0AC90089A6A4 /* MainViewController.swift */ = {isa = PBXFileReference; lastKnownFileType = sourcecode.swift; path = MainViewController.swift; sourceTree = "<group>"; };
		CB0C63A32C2F0ACB0089A6A4 /* Assets.xcassets */ = {isa = PBXFileReference; lastKnownFileType = folder.assetcatalog; path = Assets.xcassets; sourceTree = "<group>"; };
		CB0C63A62C2F0ACB0089A6A4 /* Base */ = {isa = PBXFileReference; lastKnownFileType = file.storyboard; name = Base; path = Base.lproj/LaunchScreen.storyboard; sourceTree = "<group>"; };
		CB0C63A82C2F0ACB0089A6A4 /* Info.plist */ = {isa = PBXFileReference; lastKnownFileType = text.plist.xml; path = Info.plist; sourceTree = "<group>"; };
		CB0C63AD2C2F0ACC0089A6A4 /* InterviewTests.xctest */ = {isa = PBXFileReference; explicitFileType = wrapper.cfbundle; includeInIndex = 0; path = InterviewTests.xctest; sourceTree = BUILT_PRODUCTS_DIR; };
		CB0C63B12C2F0ACC0089A6A4 /* InterviewTests.swift */ = {isa = PBXFileReference; lastKnownFileType = sourcecode.swift; path = InterviewTests.swift; sourceTree = "<group>"; };
		CB0C63B72C2F0ACC0089A6A4 /* InterviewUITests.xctest */ = {isa = PBXFileReference; explicitFileType = wrapper.cfbundle; includeInIndex = 0; path = InterviewUITests.xctest; sourceTree = BUILT_PRODUCTS_DIR; };
		CB0C63BB2C2F0ACC0089A6A4 /* InterviewUITests.swift */ = {isa = PBXFileReference; lastKnownFileType = sourcecode.swift; path = InterviewUITests.swift; sourceTree = "<group>"; };
		CB0C63BD2C2F0ACC0089A6A4 /* InterviewUITestsLaunchTests.swift */ = {isa = PBXFileReference; lastKnownFileType = sourcecode.swift; path = InterviewUITestsLaunchTests.swift; sourceTree = "<group>"; };
		CB0C63CC2C2F11190089A6A4 /* DetailViewController.swift */ = {isa = PBXFileReference; lastKnownFileType = sourcecode.swift; path = DetailViewController.swift; sourceTree = "<group>"; };
/* End PBXFileReference section */

/* Begin PBXFrameworksBuildPhase section */
		CB0C63942C2F0AC90089A6A4 /* Frameworks */ = {
			isa = PBXFrameworksBuildPhase;
			buildActionMask = 2147483647;
			files = (
			);
			runOnlyForDeploymentPostprocessing = 0;
		};
		CB0C63AA2C2F0ACC0089A6A4 /* Frameworks */ = {
			isa = PBXFrameworksBuildPhase;
			buildActionMask = 2147483647;
			files = (
			);
			runOnlyForDeploymentPostprocessing = 0;
		};
		CB0C63B42C2F0ACC0089A6A4 /* Frameworks */ = {
			isa = PBXFrameworksBuildPhase;
			buildActionMask = 2147483647;
			files = (
			);
			runOnlyForDeploymentPostprocessing = 0;
		};
/* End PBXFrameworksBuildPhase section */

/* Begin PBXGroup section */
		8D100ECA2C7FD27D0019D883 /* PokemonMain */ = {
			isa = PBXGroup;
			children = (
				CB0C639E2C2F0AC90089A6A4 /* MainViewController.swift */,
				8D100ECC2C7FD3F80019D883 /* MainView.swift */,
				8D100ECE2C7FD4530019D883 /* MainViewModel.swift */,
				8D100ED02C7FD45E0019D883 /* MainViewCell.swift */,
				8D100ED22C7FD4700019D883 /* MainViewModelDelegate.swift */,
			);
			path = PokemonMain;
			sourceTree = "<group>";
		};
		8D100ECB2C7FD3050019D883 /* PokemonScreenDetails */ = {
			isa = PBXGroup;
			children = (
				CB0C63CC2C2F11190089A6A4 /* DetailViewController.swift */,
				8D100ED92C7FD5040019D883 /* DetailView.swift */,
				8D100EDB2C7FD5340019D883 /* DetailViewModel.swift */,
			);
			path = PokemonScreenDetails;
			sourceTree = "<group>";
		};
		8D100ED42C7FD4A30019D883 /* Request */ = {
			isa = PBXGroup;
			children = (
				8D100ED52C7FD4C00019D883 /* Request.swift */,
				8D100ED72C7FD4EC0019D883 /* Url.swift */,
			);
			path = Request;
			sourceTree = "<group>";
		};
		CB0C638E2C2F0AC90089A6A4 = {
			isa = PBXGroup;
			children = (
				CB0C63992C2F0AC90089A6A4 /* Interview */,
				CB0C63B02C2F0ACC0089A6A4 /* InterviewTests */,
				CB0C63BA2C2F0ACC0089A6A4 /* InterviewUITests */,
				CB0C63982C2F0AC90089A6A4 /* Products */,
			);
			sourceTree = "<group>";
		};
		CB0C63982C2F0AC90089A6A4 /* Products */ = {
			isa = PBXGroup;
			children = (
				CB0C63972C2F0AC90089A6A4 /* Interview.app */,
				CB0C63AD2C2F0ACC0089A6A4 /* InterviewTests.xctest */,
				CB0C63B72C2F0ACC0089A6A4 /* InterviewUITests.xctest */,
			);
			name = Products;
			sourceTree = "<group>";
		};
		CB0C63992C2F0AC90089A6A4 /* Interview */ = {
			isa = PBXGroup;
			children = (
				8D100ED42C7FD4A30019D883 /* Request */,
				CB0C63CA2C2F0AE40089A6A4 /* Application */,
				CB0C63CB2C2F0B6F0089A6A4 /* Feature */,
				CB0C63A32C2F0ACB0089A6A4 /* Assets.xcassets */,
				CB0C63A52C2F0ACB0089A6A4 /* LaunchScreen.storyboard */,
				CB0C63A82C2F0ACB0089A6A4 /* Info.plist */,
			);
			path = Interview;
			sourceTree = "<group>";
		};
		CB0C63B02C2F0ACC0089A6A4 /* InterviewTests */ = {
			isa = PBXGroup;
			children = (
				CB0C63B12C2F0ACC0089A6A4 /* InterviewTests.swift */,
				8D100EDD2C7FD5EC0019D883 /* MainViewControllerTests.swift */,
				8D100EDF2C7FD6030019D883 /* DetailViewModelTests.swift */,
			);
			path = InterviewTests;
			sourceTree = "<group>";
		};
		CB0C63BA2C2F0ACC0089A6A4 /* InterviewUITests */ = {
			isa = PBXGroup;
			children = (
				CB0C63BB2C2F0ACC0089A6A4 /* InterviewUITests.swift */,
				CB0C63BD2C2F0ACC0089A6A4 /* InterviewUITestsLaunchTests.swift */,
			);
			path = InterviewUITests;
			sourceTree = "<group>";
		};
		CB0C63CA2C2F0AE40089A6A4 /* Application */ = {
			isa = PBXGroup;
			children = (
				CB0C639A2C2F0AC90089A6A4 /* AppDelegate.swift */,
				CB0C639C2C2F0AC90089A6A4 /* SceneDelegate.swift */,
			);
			path = Application;
			sourceTree = "<group>";
		};
		CB0C63CB2C2F0B6F0089A6A4 /* Feature */ = {
			isa = PBXGroup;
			children = (
				8D100ECB2C7FD3050019D883 /* PokemonScreenDetails */,
				8D100ECA2C7FD27D0019D883 /* PokemonMain */,
			);
			path = Feature;
			sourceTree = "<group>";
		};
/* End PBXGroup section */

/* Begin PBXNativeTarget section */
		CB0C63962C2F0AC90089A6A4 /* Interview */ = {
			isa = PBXNativeTarget;
			buildConfigurationList = CB0C63C12C2F0ACC0089A6A4 /* Build configuration list for PBXNativeTarget "Interview" */;
			buildPhases = (
				CB0C63932C2F0AC90089A6A4 /* Sources */,
				CB0C63942C2F0AC90089A6A4 /* Frameworks */,
				CB0C63952C2F0AC90089A6A4 /* Resources */,
			);
			buildRules = (
			);
			dependencies = (
			);
			name = Interview;
			productName = Interview;
			productReference = CB0C63972C2F0AC90089A6A4 /* Interview.app */;
			productType = "com.apple.product-type.application";
		};
		CB0C63AC2C2F0ACC0089A6A4 /* InterviewTests */ = {
			isa = PBXNativeTarget;
			buildConfigurationList = CB0C63C42C2F0ACC0089A6A4 /* Build configuration list for PBXNativeTarget "InterviewTests" */;
			buildPhases = (
				CB0C63A92C2F0ACC0089A6A4 /* Sources */,
				CB0C63AA2C2F0ACC0089A6A4 /* Frameworks */,
				CB0C63AB2C2F0ACC0089A6A4 /* Resources */,
			);
			buildRules = (
			);
			dependencies = (
				CB0C63AF2C2F0ACC0089A6A4 /* PBXTargetDependency */,
			);
			name = InterviewTests;
			productName = InterviewTests;
			productReference = CB0C63AD2C2F0ACC0089A6A4 /* InterviewTests.xctest */;
			productType = "com.apple.product-type.bundle.unit-test";
		};
		CB0C63B62C2F0ACC0089A6A4 /* InterviewUITests */ = {
			isa = PBXNativeTarget;
			buildConfigurationList = CB0C63C72C2F0ACC0089A6A4 /* Build configuration list for PBXNativeTarget "InterviewUITests" */;
			buildPhases = (
				CB0C63B32C2F0ACC0089A6A4 /* Sources */,
				CB0C63B42C2F0ACC0089A6A4 /* Frameworks */,
				CB0C63B52C2F0ACC0089A6A4 /* Resources */,
			);
			buildRules = (
			);
			dependencies = (
				CB0C63B92C2F0ACC0089A6A4 /* PBXTargetDependency */,
			);
			name = InterviewUITests;
			productName = InterviewUITests;
			productReference = CB0C63B72C2F0ACC0089A6A4 /* InterviewUITests.xctest */;
			productType = "com.apple.product-type.bundle.ui-testing";
		};
/* End PBXNativeTarget section */

/* Begin PBXProject section */
		CB0C638F2C2F0AC90089A6A4 /* Project object */ = {
			isa = PBXProject;
			attributes = {
				BuildIndependentTargetsInParallel = 1;
				LastSwiftUpdateCheck = 1540;
				LastUpgradeCheck = 1540;
				TargetAttributes = {
					CB0C63962C2F0AC90089A6A4 = {
						CreatedOnToolsVersion = 15.4;
					};
					CB0C63AC2C2F0ACC0089A6A4 = {
						CreatedOnToolsVersion = 15.4;
						TestTargetID = CB0C63962C2F0AC90089A6A4;
					};
					CB0C63B62C2F0ACC0089A6A4 = {
						CreatedOnToolsVersion = 15.4;
						TestTargetID = CB0C63962C2F0AC90089A6A4;
					};
				};
			};
			buildConfigurationList = CB0C63922C2F0AC90089A6A4 /* Build configuration list for PBXProject "Interview" */;
			compatibilityVersion = "Xcode 14.0";
			developmentRegion = en;
			hasScannedForEncodings = 0;
			knownRegions = (
				en,
				Base,
			);
			mainGroup = CB0C638E2C2F0AC90089A6A4;
			productRefGroup = CB0C63982C2F0AC90089A6A4 /* Products */;
			projectDirPath = "";
			projectRoot = "";
			targets = (
				CB0C63962C2F0AC90089A6A4 /* Interview */,
				CB0C63AC2C2F0ACC0089A6A4 /* InterviewTests */,
				CB0C63B62C2F0ACC0089A6A4 /* InterviewUITests */,
			);
		};
/* End PBXProject section */

/* Begin PBXResourcesBuildPhase section */
		CB0C63952C2F0AC90089A6A4 /* Resources */ = {
			isa = PBXResourcesBuildPhase;
			buildActionMask = 2147483647;
			files = (
				CB0C63A42C2F0ACB0089A6A4 /* Assets.xcassets in Resources */,
				CB0C63A72C2F0ACB0089A6A4 /* Base in Resources */,
			);
			runOnlyForDeploymentPostprocessing = 0;
		};
		CB0C63AB2C2F0ACC0089A6A4 /* Resources */ = {
			isa = PBXResourcesBuildPhase;
			buildActionMask = 2147483647;
			files = (
			);
			runOnlyForDeploymentPostprocessing = 0;
		};
		CB0C63B52C2F0ACC0089A6A4 /* Resources */ = {
			isa = PBXResourcesBuildPhase;
			buildActionMask = 2147483647;
			files = (
			);
			runOnlyForDeploymentPostprocessing = 0;
		};
/* End PBXResourcesBuildPhase section */

/* Begin PBXSourcesBuildPhase section */
		CB0C63932C2F0AC90089A6A4 /* Sources */ = {
			isa = PBXSourcesBuildPhase;
			buildActionMask = 2147483647;
			files = (
				CB0C639F2C2F0AC90089A6A4 /* MainViewController.swift in Sources */,
				CB0C639B2C2F0AC90089A6A4 /* AppDelegate.swift in Sources */,
				8D100ED32C7FD4700019D883 /* MainViewModelDelegate.swift in Sources */,
				CB0C639D2C2F0AC90089A6A4 /* SceneDelegate.swift in Sources */,
				8D100ECD2C7FD3F80019D883 /* MainView.swift in Sources */,
				8D100EDA2C7FD5040019D883 /* DetailView.swift in Sources */,
				CB0C63CD2C2F11190089A6A4 /* DetailViewController.swift in Sources */,
				8D100EDC2C7FD5340019D883 /* DetailViewModel.swift in Sources */,
				8D100ED12C7FD45E0019D883 /* MainViewCell.swift in Sources */,
				8D100ED62C7FD4C00019D883 /* Request.swift in Sources */,
				8D100ECF2C7FD4530019D883 /* MainViewModel.swift in Sources */,
				8D100ED82C7FD4EC0019D883 /* Url.swift in Sources */,
			);
			runOnlyForDeploymentPostprocessing = 0;
		};
		CB0C63A92C2F0ACC0089A6A4 /* Sources */ = {
			isa = PBXSourcesBuildPhase;
			buildActionMask = 2147483647;
			files = (
				CB0C63B22C2F0ACC0089A6A4 /* InterviewTests.swift in Sources */,
				8D100EDE2C7FD5EC0019D883 /* MainViewControllerTests.swift in Sources */,
				8D100EE02C7FD6030019D883 /* DetailViewModelTests.swift in Sources */,
			);
			runOnlyForDeploymentPostprocessing = 0;
		};
		CB0C63B32C2F0ACC0089A6A4 /* Sources */ = {
			isa = PBXSourcesBuildPhase;
			buildActionMask = 2147483647;
			files = (
				CB0C63BE2C2F0ACC0089A6A4 /* InterviewUITestsLaunchTests.swift in Sources */,
				CB0C63BC2C2F0ACC0089A6A4 /* InterviewUITests.swift in Sources */,
			);
			runOnlyForDeploymentPostprocessing = 0;
		};
/* End PBXSourcesBuildPhase section */

/* Begin PBXTargetDependency section */
		CB0C63AF2C2F0ACC0089A6A4 /* PBXTargetDependency */ = {
			isa = PBXTargetDependency;
			target = CB0C63962C2F0AC90089A6A4 /* Interview */;
			targetProxy = CB0C63AE2C2F0ACC0089A6A4 /* PBXContainerItemProxy */;
		};
		CB0C63B92C2F0ACC0089A6A4 /* PBXTargetDependency */ = {
			isa = PBXTargetDependency;
			target = CB0C63962C2F0AC90089A6A4 /* Interview */;
			targetProxy = CB0C63B82C2F0ACC0089A6A4 /* PBXContainerItemProxy */;
		};
/* End PBXTargetDependency section */

/* Begin PBXVariantGroup section */
		CB0C63A52C2F0ACB0089A6A4 /* LaunchScreen.storyboard */ = {
			isa = PBXVariantGroup;
			children = (
				CB0C63A62C2F0ACB0089A6A4 /* Base */,
			);
			name = LaunchScreen.storyboard;
			sourceTree = "<group>";
		};
/* End PBXVariantGroup section */

/* Begin XCBuildConfiguration section */
		CB0C63BF2C2F0ACC0089A6A4 /* Debug */ = {
			isa = XCBuildConfiguration;
			buildSettings = {
				ALWAYS_SEARCH_USER_PATHS = NO;
				ASSETCATALOG_COMPILER_GENERATE_SWIFT_ASSET_SYMBOL_EXTENSIONS = YES;
				CLANG_ANALYZER_NONNULL = YES;
				CLANG_ANALYZER_NUMBER_OBJECT_CONVERSION = YES_AGGRESSIVE;
				CLANG_CXX_LANGUAGE_STANDARD = "gnu++20";
				CLANG_ENABLE_MODULES = YES;
				CLANG_ENABLE_OBJC_ARC = YES;
				CLANG_ENABLE_OBJC_WEAK = YES;
				CLANG_WARN_BLOCK_CAPTURE_AUTORELEASING = YES;
				CLANG_WARN_BOOL_CONVERSION = YES;
				CLANG_WARN_COMMA = YES;
				CLANG_WARN_CONSTANT_CONVERSION = YES;
				CLANG_WARN_DEPRECATED_OBJC_IMPLEMENTATIONS = YES;
				CLANG_WARN_DIRECT_OBJC_ISA_USAGE = YES_ERROR;
				CLANG_WARN_DOCUMENTATION_COMMENTS = YES;
				CLANG_WARN_EMPTY_BODY = YES;
				CLANG_WARN_ENUM_CONVERSION = YES;
				CLANG_WARN_INFINITE_RECURSION = YES;
				CLANG_WARN_INT_CONVERSION = YES;
				CLANG_WARN_NON_LITERAL_NULL_CONVERSION = YES;
				CLANG_WARN_OBJC_IMPLICIT_RETAIN_SELF = YES;
				CLANG_WARN_OBJC_LITERAL_CONVERSION = YES;
				CLANG_WARN_OBJC_ROOT_CLASS = YES_ERROR;
				CLANG_WARN_QUOTED_INCLUDE_IN_FRAMEWORK_HEADER = YES;
				CLANG_WARN_RANGE_LOOP_ANALYSIS = YES;
				CLANG_WARN_STRICT_PROTOTYPES = YES;
				CLANG_WARN_SUSPICIOUS_MOVE = YES;
				CLANG_WARN_UNGUARDED_AVAILABILITY = YES_AGGRESSIVE;
				CLANG_WARN_UNREACHABLE_CODE = YES;
				CLANG_WARN__DUPLICATE_METHOD_MATCH = YES;
				COPY_PHASE_STRIP = NO;
				DEBUG_INFORMATION_FORMAT = dwarf;
				ENABLE_STRICT_OBJC_MSGSEND = YES;
				ENABLE_TESTABILITY = YES;
				ENABLE_USER_SCRIPT_SANDBOXING = YES;
				GCC_C_LANGUAGE_STANDARD = gnu17;
				GCC_DYNAMIC_NO_PIC = NO;
				GCC_NO_COMMON_BLOCKS = YES;
				GCC_OPTIMIZATION_LEVEL = 0;
				GCC_PREPROCESSOR_DEFINITIONS = (
					"DEBUG=1",
					"$(inherited)",
				);
				GCC_WARN_64_TO_32_BIT_CONVERSION = YES;
				GCC_WARN_ABOUT_RETURN_TYPE = YES_ERROR;
				GCC_WARN_UNDECLARED_SELECTOR = YES;
				GCC_WARN_UNINITIALIZED_AUTOS = YES_AGGRESSIVE;
				GCC_WARN_UNUSED_FUNCTION = YES;
				GCC_WARN_UNUSED_VARIABLE = YES;
				IPHONEOS_DEPLOYMENT_TARGET = 17.5;
				LOCALIZATION_PREFERS_STRING_CATALOGS = YES;
				MTL_ENABLE_DEBUG_INFO = INCLUDE_SOURCE;
				MTL_FAST_MATH = YES;
				ONLY_ACTIVE_ARCH = YES;
				SDKROOT = iphoneos;
				SWIFT_ACTIVE_COMPILATION_CONDITIONS = "DEBUG $(inherited)";
				SWIFT_OPTIMIZATION_LEVEL = "-Onone";
			};
			name = Debug;
		};
		CB0C63C02C2F0ACC0089A6A4 /* Release */ = {
			isa = XCBuildConfiguration;
			buildSettings = {
				ALWAYS_SEARCH_USER_PATHS = NO;
				ASSETCATALOG_COMPILER_GENERATE_SWIFT_ASSET_SYMBOL_EXTENSIONS = YES;
				CLANG_ANALYZER_NONNULL = YES;
				CLANG_ANALYZER_NUMBER_OBJECT_CONVERSION = YES_AGGRESSIVE;
				CLANG_CXX_LANGUAGE_STANDARD = "gnu++20";
				CLANG_ENABLE_MODULES = YES;
				CLANG_ENABLE_OBJC_ARC = YES;
				CLANG_ENABLE_OBJC_WEAK = YES;
				CLANG_WARN_BLOCK_CAPTURE_AUTORELEASING = YES;
				CLANG_WARN_BOOL_CONVERSION = YES;
				CLANG_WARN_COMMA = YES;
				CLANG_WARN_CONSTANT_CONVERSION = YES;
				CLANG_WARN_DEPRECATED_OBJC_IMPLEMENTATIONS = YES;
				CLANG_WARN_DIRECT_OBJC_ISA_USAGE = YES_ERROR;
				CLANG_WARN_DOCUMENTATION_COMMENTS = YES;
				CLANG_WARN_EMPTY_BODY = YES;
				CLANG_WARN_ENUM_CONVERSION = YES;
				CLANG_WARN_INFINITE_RECURSION = YES;
				CLANG_WARN_INT_CONVERSION = YES;
				CLANG_WARN_NON_LITERAL_NULL_CONVERSION = YES;
				CLANG_WARN_OBJC_IMPLICIT_RETAIN_SELF = YES;
				CLANG_WARN_OBJC_LITERAL_CONVERSION = YES;
				CLANG_WARN_OBJC_ROOT_CLASS = YES_ERROR;
				CLANG_WARN_QUOTED_INCLUDE_IN_FRAMEWORK_HEADER = YES;
				CLANG_WARN_RANGE_LOOP_ANALYSIS = YES;
				CLANG_WARN_STRICT_PROTOTYPES = YES;
				CLANG_WARN_SUSPICIOUS_MOVE = YES;
				CLANG_WARN_UNGUARDED_AVAILABILITY = YES_AGGRESSIVE;
				CLANG_WARN_UNREACHABLE_CODE = YES;
				CLANG_WARN__DUPLICATE_METHOD_MATCH = YES;
				COPY_PHASE_STRIP = NO;
				DEBUG_INFORMATION_FORMAT = "dwarf-with-dsym";
				ENABLE_NS_ASSERTIONS = NO;
				ENABLE_STRICT_OBJC_MSGSEND = YES;
				ENABLE_USER_SCRIPT_SANDBOXING = YES;
				GCC_C_LANGUAGE_STANDARD = gnu17;
				GCC_NO_COMMON_BLOCKS = YES;
				GCC_WARN_64_TO_32_BIT_CONVERSION = YES;
				GCC_WARN_ABOUT_RETURN_TYPE = YES_ERROR;
				GCC_WARN_UNDECLARED_SELECTOR = YES;
				GCC_WARN_UNINITIALIZED_AUTOS = YES_AGGRESSIVE;
				GCC_WARN_UNUSED_FUNCTION = YES;
				GCC_WARN_UNUSED_VARIABLE = YES;
				IPHONEOS_DEPLOYMENT_TARGET = 17.5;
				LOCALIZATION_PREFERS_STRING_CATALOGS = YES;
				MTL_ENABLE_DEBUG_INFO = NO;
				MTL_FAST_MATH = YES;
				SDKROOT = iphoneos;
				SWIFT_COMPILATION_MODE = wholemodule;
				VALIDATE_PRODUCT = YES;
			};
			name = Release;
		};
		CB0C63C22C2F0ACC0089A6A4 /* Debug */ = {
			isa = XCBuildConfiguration;
			buildSettings = {
				ASSETCATALOG_COMPILER_APPICON_NAME = AppIcon;
				ASSETCATALOG_COMPILER_GLOBAL_ACCENT_COLOR_NAME = AccentColor;
				CODE_SIGN_STYLE = Automatic;
				CURRENT_PROJECT_VERSION = 1;
				GENERATE_INFOPLIST_FILE = YES;
				INFOPLIST_FILE = Interview/Info.plist;
				INFOPLIST_KEY_UIApplicationSupportsIndirectInputEvents = YES;
				INFOPLIST_KEY_UILaunchStoryboardName = LaunchScreen;
				INFOPLIST_KEY_UIMainStoryboardFile = "";
				INFOPLIST_KEY_UISupportedInterfaceOrientations = UIInterfaceOrientationPortrait;
				INFOPLIST_KEY_UISupportedInterfaceOrientations_iPad = "UIInterfaceOrientationLandscapeLeft UIInterfaceOrientationLandscapeRight UIInterfaceOrientationPortrait UIInterfaceOrientationPortraitUpsideDown";
				IPHONEOS_DEPLOYMENT_TARGET = 16.4;
				LD_RUNPATH_SEARCH_PATHS = (
					"$(inherited)",
					"@executable_path/Frameworks",
				);
				MARKETING_VERSION = 1.0;
				PRODUCT_BUNDLE_IDENTIFIER = com.demo.Interview;
				PRODUCT_NAME = "$(TARGET_NAME)";
				SUPPORTED_PLATFORMS = "iphoneos iphonesimulator";
				SUPPORTS_MACCATALYST = NO;
				SUPPORTS_MAC_DESIGNED_FOR_IPHONE_IPAD = NO;
				SUPPORTS_XR_DESIGNED_FOR_IPHONE_IPAD = NO;
				SWIFT_EMIT_LOC_STRINGS = YES;
				SWIFT_VERSION = 5.0;
				TARGETED_DEVICE_FAMILY = 1;
			};
			name = Debug;
		};
		CB0C63C32C2F0ACC0089A6A4 /* Release */ = {
			isa = XCBuildConfiguration;
			buildSettings = {
				ASSETCATALOG_COMPILER_APPICON_NAME = AppIcon;
				ASSETCATALOG_COMPILER_GLOBAL_ACCENT_COLOR_NAME = AccentColor;
				CODE_SIGN_STYLE = Automatic;
				CURRENT_PROJECT_VERSION = 1;
				GENERATE_INFOPLIST_FILE = YES;
				INFOPLIST_FILE = Interview/Info.plist;
				INFOPLIST_KEY_UIApplicationSupportsIndirectInputEvents = YES;
				INFOPLIST_KEY_UILaunchStoryboardName = LaunchScreen;
				INFOPLIST_KEY_UIMainStoryboardFile = "";
				INFOPLIST_KEY_UISupportedInterfaceOrientations = UIInterfaceOrientationPortrait;
				INFOPLIST_KEY_UISupportedInterfaceOrientations_iPad = "UIInterfaceOrientationLandscapeLeft UIInterfaceOrientationLandscapeRight UIInterfaceOrientationPortrait UIInterfaceOrientationPortraitUpsideDown";
				IPHONEOS_DEPLOYMENT_TARGET = 16.4;
				LD_RUNPATH_SEARCH_PATHS = (
					"$(inherited)",
					"@executable_path/Frameworks",
				);
				MARKETING_VERSION = 1.0;
				PRODUCT_BUNDLE_IDENTIFIER = com.demo.Interview;
				PRODUCT_NAME = "$(TARGET_NAME)";
				SUPPORTED_PLATFORMS = "iphoneos iphonesimulator";
				SUPPORTS_MACCATALYST = NO;
				SUPPORTS_MAC_DESIGNED_FOR_IPHONE_IPAD = NO;
				SUPPORTS_XR_DESIGNED_FOR_IPHONE_IPAD = NO;
				SWIFT_EMIT_LOC_STRINGS = YES;
				SWIFT_VERSION = 5.0;
				TARGETED_DEVICE_FAMILY = 1;
			};
			name = Release;
		};
		CB0C63C52C2F0ACC0089A6A4 /* Debug */ = {
			isa = XCBuildConfiguration;
			buildSettings = {
				ALWAYS_EMBED_SWIFT_STANDARD_LIBRARIES = YES;
				BUNDLE_LOADER = "$(TEST_HOST)";
				CODE_SIGN_STYLE = Automatic;
				CURRENT_PROJECT_VERSION = 1;
				GENERATE_INFOPLIST_FILE = YES;
				IPHONEOS_DEPLOYMENT_TARGET = 16.4;
				MARKETING_VERSION = 1.0;
				PRODUCT_BUNDLE_IDENTIFIER = com.demo.InterviewTests;
				PRODUCT_NAME = "$(TARGET_NAME)";
				SWIFT_EMIT_LOC_STRINGS = NO;
				SWIFT_VERSION = 5.0;
				TARGETED_DEVICE_FAMILY = "1,2";
				TEST_HOST = "$(BUILT_PRODUCTS_DIR)/Interview.app/$(BUNDLE_EXECUTABLE_FOLDER_PATH)/Interview";
			};
			name = Debug;
		};
		CB0C63C62C2F0ACC0089A6A4 /* Release */ = {
			isa = XCBuildConfiguration;
			buildSettings = {
				ALWAYS_EMBED_SWIFT_STANDARD_LIBRARIES = YES;
				BUNDLE_LOADER = "$(TEST_HOST)";
				CODE_SIGN_STYLE = Automatic;
				CURRENT_PROJECT_VERSION = 1;
				GENERATE_INFOPLIST_FILE = YES;
				IPHONEOS_DEPLOYMENT_TARGET = 16.4;
				MARKETING_VERSION = 1.0;
				PRODUCT_BUNDLE_IDENTIFIER = com.demo.InterviewTests;
				PRODUCT_NAME = "$(TARGET_NAME)";
				SWIFT_EMIT_LOC_STRINGS = NO;
				SWIFT_VERSION = 5.0;
				TARGETED_DEVICE_FAMILY = "1,2";
				TEST_HOST = "$(BUILT_PRODUCTS_DIR)/Interview.app/$(BUNDLE_EXECUTABLE_FOLDER_PATH)/Interview";
			};
			name = Release;
		};
		CB0C63C82C2F0ACC0089A6A4 /* Debug */ = {
			isa = XCBuildConfiguration;
			buildSettings = {
				ALWAYS_EMBED_SWIFT_STANDARD_LIBRARIES = YES;
				CODE_SIGN_STYLE = Automatic;
				CURRENT_PROJECT_VERSION = 1;
				GENERATE_INFOPLIST_FILE = YES;
				IPHONEOS_DEPLOYMENT_TARGET = 16.4;
				MARKETING_VERSION = 1.0;
				PRODUCT_BUNDLE_IDENTIFIER = com.demo.InterviewUITests;
				PRODUCT_NAME = "$(TARGET_NAME)";
				SWIFT_EMIT_LOC_STRINGS = NO;
				SWIFT_VERSION = 5.0;
				TARGETED_DEVICE_FAMILY = "1,2";
				TEST_TARGET_NAME = Interview;
			};
			name = Debug;
		};
		CB0C63C92C2F0ACC0089A6A4 /* Release */ = {
			isa = XCBuildConfiguration;
			buildSettings = {
				ALWAYS_EMBED_SWIFT_STANDARD_LIBRARIES = YES;
				CODE_SIGN_STYLE = Automatic;
				CURRENT_PROJECT_VERSION = 1;
				GENERATE_INFOPLIST_FILE = YES;
				IPHONEOS_DEPLOYMENT_TARGET = 16.4;
				MARKETING_VERSION = 1.0;
				PRODUCT_BUNDLE_IDENTIFIER = com.demo.InterviewUITests;
				PRODUCT_NAME = "$(TARGET_NAME)";
				SWIFT_EMIT_LOC_STRINGS = NO;
				SWIFT_VERSION = 5.0;
				TARGETED_DEVICE_FAMILY = "1,2";
				TEST_TARGET_NAME = Interview;
			};
			name = Release;
		};
/* End XCBuildConfiguration section */

/* Begin XCConfigurationList section */
		CB0C63922C2F0AC90089A6A4 /* Build configuration list for PBXProject "Interview" */ = {
			isa = XCConfigurationList;
			buildConfigurations = (
				CB0C63BF2C2F0ACC0089A6A4 /* Debug */,
				CB0C63C02C2F0ACC0089A6A4 /* Release */,
			);
			defaultConfigurationIsVisible = 0;
			defaultConfigurationName = Release;
		};
		CB0C63C12C2F0ACC0089A6A4 /* Build configuration list for PBXNativeTarget "Interview" */ = {
			isa = XCConfigurationList;
			buildConfigurations = (
				CB0C63C22C2F0ACC0089A6A4 /* Debug */,
				CB0C63C32C2F0ACC0089A6A4 /* Release */,
			);
			defaultConfigurationIsVisible = 0;
			defaultConfigurationName = Release;
		};
		CB0C63C42C2F0ACC0089A6A4 /* Build configuration list for PBXNativeTarget "InterviewTests" */ = {
			isa = XCConfigurationList;
			buildConfigurations = (
				CB0C63C52C2F0ACC0089A6A4 /* Debug */,
				CB0C63C62C2F0ACC0089A6A4 /* Release */,
			);
			defaultConfigurationIsVisible = 0;
			defaultConfigurationName = Release;
		};
		CB0C63C72C2F0ACC0089A6A4 /* Build configuration list for PBXNativeTarget "InterviewUITests" */ = {
			isa = XCConfigurationList;
			buildConfigurations = (
				CB0C63C82C2F0ACC0089A6A4 /* Debug */,
				CB0C63C92C2F0ACC0089A6A4 /* Release */,
			);
			defaultConfigurationIsVisible = 0;
			defaultConfigurationName = Release;
		};
/* End XCConfigurationList section */
	};
	rootObject = CB0C638F2C2F0AC90089A6A4 /* Project object */;
}
